// !$*UTF8*$!
{
	archiveVersion = 1;
	classes = {
	};
	objectVersion = 55;
	objects = {

/* Begin PBXBuildFile section */
		9729FB2F2793758D00AFD1A0 /* AppDelegate.swift in Sources */ = {isa = PBXBuildFile; fileRef = 9729FB2E2793758D00AFD1A0 /* AppDelegate.swift */; };
		9729FB332793758D00AFD1A0 /* ViewController.swift in Sources */ = {isa = PBXBuildFile; fileRef = 9729FB322793758D00AFD1A0 /* ViewController.swift */; };
		9729FB362793758D00AFD1A0 /* ViewController.storyboard in Resources */ = {isa = PBXBuildFile; fileRef = 9729FB342793758D00AFD1A0 /* ViewController.storyboard */; };
		9729FB382793758E00AFD1A0 /* Assets.xcassets in Resources */ = {isa = PBXBuildFile; fileRef = 9729FB372793758E00AFD1A0 /* Assets.xcassets */; };
		9729FB3B2793758E00AFD1A0 /* LaunchScreen.storyboard in Resources */ = {isa = PBXBuildFile; fileRef = 9729FB392793758E00AFD1A0 /* LaunchScreen.storyboard */; };
		972F27C2279428850000BE72 /* ApplicationCoordinator.swift in Sources */ = {isa = PBXBuildFile; fileRef = 972F27C1279428850000BE72 /* ApplicationCoordinator.swift */; };
		972F27C6279428E00000BE72 /* BaseCoordinator.swift in Sources */ = {isa = PBXBuildFile; fileRef = 972F27C4279428E00000BE72 /* BaseCoordinator.swift */; };
		972F27C7279428E00000BE72 /* Coordinator.swift in Sources */ = {isa = PBXBuildFile; fileRef = 972F27C5279428E00000BE72 /* Coordinator.swift */; };
		972F27CB279429510000BE72 /* Router.swift in Sources */ = {isa = PBXBuildFile; fileRef = 972F27C9279429510000BE72 /* Router.swift */; };
		972F27CC279429510000BE72 /* RouterProtocol.swift in Sources */ = {isa = PBXBuildFile; fileRef = 972F27CA279429510000BE72 /* RouterProtocol.swift */; };
		972F27CE27942AAF0000BE72 /* Presentable.swift in Sources */ = {isa = PBXBuildFile; fileRef = 972F27CD27942AAF0000BE72 /* Presentable.swift */; };
		972F27D127942B3F0000BE72 /* UIViewController.swift in Sources */ = {isa = PBXBuildFile; fileRef = 972F27CF27942B3F0000BE72 /* UIViewController.swift */; };
		972F27D227942B3F0000BE72 /* StoryboardInstantiable.swift in Sources */ = {isa = PBXBuildFile; fileRef = 972F27D027942B3F0000BE72 /* StoryboardInstantiable.swift */; };
/* End PBXBuildFile section */

/* Begin PBXFileReference section */
		9729FB2B2793758D00AFD1A0 /* SpotifyPreviewApp.app */ = {isa = PBXFileReference; explicitFileType = wrapper.application; includeInIndex = 0; path = SpotifyPreviewApp.app; sourceTree = BUILT_PRODUCTS_DIR; };
		9729FB2E2793758D00AFD1A0 /* AppDelegate.swift */ = {isa = PBXFileReference; lastKnownFileType = sourcecode.swift; path = AppDelegate.swift; sourceTree = "<group>"; };
		9729FB322793758D00AFD1A0 /* ViewController.swift */ = {isa = PBXFileReference; lastKnownFileType = sourcecode.swift; path = ViewController.swift; sourceTree = "<group>"; };
		9729FB352793758D00AFD1A0 /* Base */ = {isa = PBXFileReference; lastKnownFileType = file.storyboard; name = Base; path = Base.lproj/ViewController.storyboard; sourceTree = "<group>"; };
		9729FB372793758E00AFD1A0 /* Assets.xcassets */ = {isa = PBXFileReference; lastKnownFileType = folder.assetcatalog; path = Assets.xcassets; sourceTree = "<group>"; };
		9729FB3A2793758E00AFD1A0 /* Base */ = {isa = PBXFileReference; lastKnownFileType = file.storyboard; name = Base; path = Base.lproj/LaunchScreen.storyboard; sourceTree = "<group>"; };
		9729FB3C2793758E00AFD1A0 /* Info.plist */ = {isa = PBXFileReference; lastKnownFileType = text.plist.xml; path = Info.plist; sourceTree = "<group>"; };
		972F27C1279428850000BE72 /* ApplicationCoordinator.swift */ = {isa = PBXFileReference; fileEncoding = 4; lastKnownFileType = sourcecode.swift; path = ApplicationCoordinator.swift; sourceTree = "<group>"; };
		972F27C4279428E00000BE72 /* BaseCoordinator.swift */ = {isa = PBXFileReference; fileEncoding = 4; lastKnownFileType = sourcecode.swift; path = BaseCoordinator.swift; sourceTree = "<group>"; };
		972F27C5279428E00000BE72 /* Coordinator.swift */ = {isa = PBXFileReference; fileEncoding = 4; lastKnownFileType = sourcecode.swift; path = Coordinator.swift; sourceTree = "<group>"; };
		972F27C9279429510000BE72 /* Router.swift */ = {isa = PBXFileReference; fileEncoding = 4; lastKnownFileType = sourcecode.swift; path = Router.swift; sourceTree = "<group>"; };
		972F27CA279429510000BE72 /* RouterProtocol.swift */ = {isa = PBXFileReference; fileEncoding = 4; lastKnownFileType = sourcecode.swift; path = RouterProtocol.swift; sourceTree = "<group>"; };
		972F27CD27942AAF0000BE72 /* Presentable.swift */ = {isa = PBXFileReference; lastKnownFileType = sourcecode.swift; path = Presentable.swift; sourceTree = "<group>"; };
		972F27CF27942B3F0000BE72 /* UIViewController.swift */ = {isa = PBXFileReference; fileEncoding = 4; lastKnownFileType = sourcecode.swift; path = UIViewController.swift; sourceTree = "<group>"; };
		972F27D027942B3F0000BE72 /* StoryboardInstantiable.swift */ = {isa = PBXFileReference; fileEncoding = 4; lastKnownFileType = sourcecode.swift; path = StoryboardInstantiable.swift; sourceTree = "<group>"; };
/* End PBXFileReference section */

/* Begin PBXFrameworksBuildPhase section */
		9729FB282793758D00AFD1A0 /* Frameworks */ = {
			isa = PBXFrameworksBuildPhase;
			buildActionMask = 2147483647;
			files = (
			);
			runOnlyForDeploymentPostprocessing = 0;
		};
/* End PBXFrameworksBuildPhase section */

/* Begin PBXGroup section */
		9729FB222793758D00AFD1A0 = {
			isa = PBXGroup;
			children = (
				9729FB2D2793758D00AFD1A0 /* SpotifyPreviewApp */,
				9729FB2C2793758D00AFD1A0 /* Products */,
			);
			sourceTree = "<group>";
		};
		9729FB2C2793758D00AFD1A0 /* Products */ = {
			isa = PBXGroup;
			children = (
				9729FB2B2793758D00AFD1A0 /* SpotifyPreviewApp.app */,
			);
			name = Products;
			sourceTree = "<group>";
		};
		9729FB2D2793758D00AFD1A0 /* SpotifyPreviewApp */ = {
			isa = PBXGroup;
			children = (
				9729FB42279375A500AFD1A0 /* Delegates */,
				972F27C0279428550000BE72 /* Coordinator */,
				9729FB43279375B400AFD1A0 /* Modules */,
				9729FB322793758D00AFD1A0 /* ViewController.swift */,
				9729FB342793758D00AFD1A0 /* ViewController.storyboard */,
				9729FB442793762500AFD1A0 /* Extension */,
				9729FB372793758E00AFD1A0 /* Assets.xcassets */,
				9729FB392793758E00AFD1A0 /* LaunchScreen.storyboard */,
				9729FB3C2793758E00AFD1A0 /* Info.plist */,
			);
			path = SpotifyPreviewApp;
			sourceTree = "<group>";
		};
		9729FB42279375A500AFD1A0 /* Delegates */ = {
			isa = PBXGroup;
			children = (
				9729FB2E2793758D00AFD1A0 /* AppDelegate.swift */,
			);
			path = Delegates;
			sourceTree = "<group>";
		};
		9729FB43279375B400AFD1A0 /* Modules */ = {
			isa = PBXGroup;
			children = (
			);
			path = Modules;
			sourceTree = "<group>";
		};
		9729FB442793762500AFD1A0 /* Extension */ = {
			isa = PBXGroup;
			children = (
				972F27D027942B3F0000BE72 /* StoryboardInstantiable.swift */,
				972F27CF27942B3F0000BE72 /* UIViewController.swift */,
			);
			path = Extension;
			sourceTree = "<group>";
		};
		972F27C0279428550000BE72 /* Coordinator */ = {
			isa = PBXGroup;
			children = (
				972F27C1279428850000BE72 /* ApplicationCoordinator.swift */,
				972F27C8279429360000BE72 /* Router */,
				972F27C3279428BF0000BE72 /* BaseCoordinator */,
				972F27CD27942AAF0000BE72 /* Presentable.swift */,
			);
			path = Coordinator;
			sourceTree = "<group>";
		};
		972F27C3279428BF0000BE72 /* BaseCoordinator */ = {
			isa = PBXGroup;
			children = (
				972F27C4279428E00000BE72 /* BaseCoordinator.swift */,
				972F27C5279428E00000BE72 /* Coordinator.swift */,
			);
			path = BaseCoordinator;
			sourceTree = "<group>";
		};
		972F27C8279429360000BE72 /* Router */ = {
			isa = PBXGroup;
			children = (
				972F27C9279429510000BE72 /* Router.swift */,
				972F27CA279429510000BE72 /* RouterProtocol.swift */,
			);
			path = Router;
			sourceTree = "<group>";
		};
/* End PBXGroup section */

/* Begin PBXNativeTarget section */
		9729FB2A2793758D00AFD1A0 /* SpotifyPreviewApp */ = {
			isa = PBXNativeTarget;
			buildConfigurationList = 9729FB3F2793758E00AFD1A0 /* Build configuration list for PBXNativeTarget "SpotifyPreviewApp" */;
			buildPhases = (
				9729FB272793758D00AFD1A0 /* Sources */,
				9729FB282793758D00AFD1A0 /* Frameworks */,
				9729FB292793758D00AFD1A0 /* Resources */,
			);
			buildRules = (
			);
			dependencies = (
			);
			name = SpotifyPreviewApp;
			productName = SpotifyPreviewApp;
			productReference = 9729FB2B2793758D00AFD1A0 /* SpotifyPreviewApp.app */;
			productType = "com.apple.product-type.application";
		};
/* End PBXNativeTarget section */

/* Begin PBXProject section */
		9729FB232793758D00AFD1A0 /* Project object */ = {
			isa = PBXProject;
			attributes = {
				BuildIndependentTargetsInParallel = 1;
				LastSwiftUpdateCheck = 1320;
				LastUpgradeCheck = 1320;
				TargetAttributes = {
					9729FB2A2793758D00AFD1A0 = {
						CreatedOnToolsVersion = 13.2.1;
					};
				};
			};
			buildConfigurationList = 9729FB262793758D00AFD1A0 /* Build configuration list for PBXProject "SpotifyPreviewApp" */;
			compatibilityVersion = "Xcode 13.0";
			developmentRegion = en;
			hasScannedForEncodings = 0;
			knownRegions = (
				en,
				Base,
			);
			mainGroup = 9729FB222793758D00AFD1A0;
			productRefGroup = 9729FB2C2793758D00AFD1A0 /* Products */;
			projectDirPath = "";
			projectRoot = "";
			targets = (
				9729FB2A2793758D00AFD1A0 /* SpotifyPreviewApp */,
			);
		};
/* End PBXProject section */

/* Begin PBXResourcesBuildPhase section */
		9729FB292793758D00AFD1A0 /* Resources */ = {
			isa = PBXResourcesBuildPhase;
			buildActionMask = 2147483647;
			files = (
				9729FB3B2793758E00AFD1A0 /* LaunchScreen.storyboard in Resources */,
				9729FB382793758E00AFD1A0 /* Assets.xcassets in Resources */,
				9729FB362793758D00AFD1A0 /* ViewController.storyboard in Resources */,
			);
			runOnlyForDeploymentPostprocessing = 0;
		};
/* End PBXResourcesBuildPhase section */

/* Begin PBXSourcesBuildPhase section */
		9729FB272793758D00AFD1A0 /* Sources */ = {
			isa = PBXSourcesBuildPhase;
			buildActionMask = 2147483647;
			files = (
				972F27D127942B3F0000BE72 /* UIViewController.swift in Sources */,
				972F27C6279428E00000BE72 /* BaseCoordinator.swift in Sources */,
				9729FB332793758D00AFD1A0 /* ViewController.swift in Sources */,
				972F27CC279429510000BE72 /* RouterProtocol.swift in Sources */,
				972F27C7279428E00000BE72 /* Coordinator.swift in Sources */,
				972F27CB279429510000BE72 /* Router.swift in Sources */,
				9729FB2F2793758D00AFD1A0 /* AppDelegate.swift in Sources */,
				972F27D227942B3F0000BE72 /* StoryboardInstantiable.swift in Sources */,
				972F27C2279428850000BE72 /* ApplicationCoordinator.swift in Sources */,
				972F27CE27942AAF0000BE72 /* Presentable.swift in Sources */,
			);
			runOnlyForDeploymentPostprocessing = 0;
		};
/* End PBXSourcesBuildPhase section */

/* Begin PBXVariantGroup section */
		9729FB342793758D00AFD1A0 /* ViewController.storyboard */ = {
			isa = PBXVariantGroup;
			children = (
				9729FB352793758D00AFD1A0 /* Base */,
			);
			name = ViewController.storyboard;
			sourceTree = "<group>";
		};
		9729FB392793758E00AFD1A0 /* LaunchScreen.storyboard */ = {
			isa = PBXVariantGroup;
			children = (
				9729FB3A2793758E00AFD1A0 /* Base */,
			);
			name = LaunchScreen.storyboard;
			sourceTree = "<group>";
		};
/* End PBXVariantGroup section */

/* Begin XCBuildConfiguration section */
		9729FB3D2793758E00AFD1A0 /* Debug */ = {
			isa = XCBuildConfiguration;
			buildSettings = {
				ALWAYS_SEARCH_USER_PATHS = NO;
				CLANG_ANALYZER_NONNULL = YES;
				CLANG_ANALYZER_NUMBER_OBJECT_CONVERSION = YES_AGGRESSIVE;
				CLANG_CXX_LANGUAGE_STANDARD = "gnu++17";
				CLANG_CXX_LIBRARY = "libc++";
				CLANG_ENABLE_MODULES = YES;
				CLANG_ENABLE_OBJC_ARC = YES;
				CLANG_ENABLE_OBJC_WEAK = YES;
				CLANG_WARN_BLOCK_CAPTURE_AUTORELEASING = YES;
				CLANG_WARN_BOOL_CONVERSION = YES;
				CLANG_WARN_COMMA = YES;
				CLANG_WARN_CONSTANT_CONVERSION = YES;
				CLANG_WARN_DEPRECATED_OBJC_IMPLEMENTATIONS = YES;
				CLANG_WARN_DIRECT_OBJC_ISA_USAGE = YES_ERROR;
				CLANG_WARN_DOCUMENTATION_COMMENTS = YES;
				CLANG_WARN_EMPTY_BODY = YES;
				CLANG_WARN_ENUM_CONVERSION = YES;
				CLANG_WARN_INFINITE_RECURSION = YES;
				CLANG_WARN_INT_CONVERSION = YES;
				CLANG_WARN_NON_LITERAL_NULL_CONVERSION = YES;
				CLANG_WARN_OBJC_IMPLICIT_RETAIN_SELF = YES;
				CLANG_WARN_OBJC_LITERAL_CONVERSION = YES;
				CLANG_WARN_OBJC_ROOT_CLASS = YES_ERROR;
				CLANG_WARN_QUOTED_INCLUDE_IN_FRAMEWORK_HEADER = YES;
				CLANG_WARN_RANGE_LOOP_ANALYSIS = YES;
				CLANG_WARN_STRICT_PROTOTYPES = YES;
				CLANG_WARN_SUSPICIOUS_MOVE = YES;
				CLANG_WARN_UNGUARDED_AVAILABILITY = YES_AGGRESSIVE;
				CLANG_WARN_UNREACHABLE_CODE = YES;
				CLANG_WARN__DUPLICATE_METHOD_MATCH = YES;
				COPY_PHASE_STRIP = NO;
				DEBUG_INFORMATION_FORMAT = dwarf;
				ENABLE_STRICT_OBJC_MSGSEND = YES;
				ENABLE_TESTABILITY = YES;
				GCC_C_LANGUAGE_STANDARD = gnu11;
				GCC_DYNAMIC_NO_PIC = NO;
				GCC_NO_COMMON_BLOCKS = YES;
				GCC_OPTIMIZATION_LEVEL = 0;
				GCC_PREPROCESSOR_DEFINITIONS = (
					"DEBUG=1",
					"$(inherited)",
				);
				GCC_WARN_64_TO_32_BIT_CONVERSION = YES;
				GCC_WARN_ABOUT_RETURN_TYPE = YES_ERROR;
				GCC_WARN_UNDECLARED_SELECTOR = YES;
				GCC_WARN_UNINITIALIZED_AUTOS = YES_AGGRESSIVE;
				GCC_WARN_UNUSED_FUNCTION = YES;
				GCC_WARN_UNUSED_VARIABLE = YES;
				IPHONEOS_DEPLOYMENT_TARGET = 15.2;
				MTL_ENABLE_DEBUG_INFO = INCLUDE_SOURCE;
				MTL_FAST_MATH = YES;
				ONLY_ACTIVE_ARCH = YES;
				SDKROOT = iphoneos;
				SWIFT_ACTIVE_COMPILATION_CONDITIONS = DEBUG;
				SWIFT_OPTIMIZATION_LEVEL = "-Onone";
			};
			name = Debug;
		};
		9729FB3E2793758E00AFD1A0 /* Release */ = {
			isa = XCBuildConfiguration;
			buildSettings = {
				ALWAYS_SEARCH_USER_PATHS = NO;
				CLANG_ANALYZER_NONNULL = YES;
				CLANG_ANALYZER_NUMBER_OBJECT_CONVERSION = YES_AGGRESSIVE;
				CLANG_CXX_LANGUAGE_STANDARD = "gnu++17";
				CLANG_CXX_LIBRARY = "libc++";
				CLANG_ENABLE_MODULES = YES;
				CLANG_ENABLE_OBJC_ARC = YES;
				CLANG_ENABLE_OBJC_WEAK = YES;
				CLANG_WARN_BLOCK_CAPTURE_AUTORELEASING = YES;
				CLANG_WARN_BOOL_CONVERSION = YES;
				CLANG_WARN_COMMA = YES;
				CLANG_WARN_CONSTANT_CONVERSION = YES;
				CLANG_WARN_DEPRECATED_OBJC_IMPLEMENTATIONS = YES;
				CLANG_WARN_DIRECT_OBJC_ISA_USAGE = YES_ERROR;
				CLANG_WARN_DOCUMENTATION_COMMENTS = YES;
				CLANG_WARN_EMPTY_BODY = YES;
				CLANG_WARN_ENUM_CONVERSION = YES;
				CLANG_WARN_INFINITE_RECURSION = YES;
				CLANG_WARN_INT_CONVERSION = YES;
				CLANG_WARN_NON_LITERAL_NULL_CONVERSION = YES;
				CLANG_WARN_OBJC_IMPLICIT_RETAIN_SELF = YES;
				CLANG_WARN_OBJC_LITERAL_CONVERSION = YES;
				CLANG_WARN_OBJC_ROOT_CLASS = YES_ERROR;
				CLANG_WARN_QUOTED_INCLUDE_IN_FRAMEWORK_HEADER = YES;
				CLANG_WARN_RANGE_LOOP_ANALYSIS = YES;
				CLANG_WARN_STRICT_PROTOTYPES = YES;
				CLANG_WARN_SUSPICIOUS_MOVE = YES;
				CLANG_WARN_UNGUARDED_AVAILABILITY = YES_AGGRESSIVE;
				CLANG_WARN_UNREACHABLE_CODE = YES;
				CLANG_WARN__DUPLICATE_METHOD_MATCH = YES;
				COPY_PHASE_STRIP = NO;
				DEBUG_INFORMATION_FORMAT = "dwarf-with-dsym";
				ENABLE_NS_ASSERTIONS = NO;
				ENABLE_STRICT_OBJC_MSGSEND = YES;
				GCC_C_LANGUAGE_STANDARD = gnu11;
				GCC_NO_COMMON_BLOCKS = YES;
				GCC_WARN_64_TO_32_BIT_CONVERSION = YES;
				GCC_WARN_ABOUT_RETURN_TYPE = YES_ERROR;
				GCC_WARN_UNDECLARED_SELECTOR = YES;
				GCC_WARN_UNINITIALIZED_AUTOS = YES_AGGRESSIVE;
				GCC_WARN_UNUSED_FUNCTION = YES;
				GCC_WARN_UNUSED_VARIABLE = YES;
				IPHONEOS_DEPLOYMENT_TARGET = 15.2;
				MTL_ENABLE_DEBUG_INFO = NO;
				MTL_FAST_MATH = YES;
				SDKROOT = iphoneos;
				SWIFT_COMPILATION_MODE = wholemodule;
				SWIFT_OPTIMIZATION_LEVEL = "-O";
				VALIDATE_PRODUCT = YES;
			};
			name = Release;
		};
		9729FB402793758E00AFD1A0 /* Debug */ = {
			isa = XCBuildConfiguration;
			buildSettings = {
				ASSETCATALOG_COMPILER_APPICON_NAME = AppIcon;
				ASSETCATALOG_COMPILER_GLOBAL_ACCENT_COLOR_NAME = AccentColor;
				CODE_SIGN_STYLE = Automatic;
				CURRENT_PROJECT_VERSION = 1;
				DEVELOPMENT_TEAM = HZY2A94RV9;
				GENERATE_INFOPLIST_FILE = YES;
				INFOPLIST_FILE = SpotifyPreviewApp/Info.plist;
				INFOPLIST_KEY_UIApplicationSupportsIndirectInputEvents = YES;
				INFOPLIST_KEY_UILaunchStoryboardName = LaunchScreen;
				INFOPLIST_KEY_UISupportedInterfaceOrientations_iPad = "UIInterfaceOrientationPortrait UIInterfaceOrientationPortraitUpsideDown UIInterfaceOrientationLandscapeLeft UIInterfaceOrientationLandscapeRight";
				INFOPLIST_KEY_UISupportedInterfaceOrientations_iPhone = "UIInterfaceOrientationPortrait UIInterfaceOrientationLandscapeLeft UIInterfaceOrientationLandscapeRight";
				LD_RUNPATH_SEARCH_PATHS = (
					"$(inherited)",
					"@executable_path/Frameworks",
				);
				MARKETING_VERSION = 1.0;
				PRODUCT_BUNDLE_IDENTIFIER = test.com.SpotifyPreviewApp;
				PRODUCT_NAME = "$(TARGET_NAME)";
				SWIFT_EMIT_LOC_STRINGS = YES;
				SWIFT_VERSION = 5.0;
				TARGETED_DEVICE_FAMILY = "1,2";
			};
			name = Debug;
		};
		9729FB412793758E00AFD1A0 /* Release */ = {
			isa = XCBuildConfiguration;
			buildSettings = {
				ASSETCATALOG_COMPILER_APPICON_NAME = AppIcon;
				ASSETCATALOG_COMPILER_GLOBAL_ACCENT_COLOR_NAME = AccentColor;
				CODE_SIGN_STYLE = Automatic;
				CURRENT_PROJECT_VERSION = 1;
				DEVELOPMENT_TEAM = HZY2A94RV9;
				GENERATE_INFOPLIST_FILE = YES;
				INFOPLIST_FILE = SpotifyPreviewApp/Info.plist;
				INFOPLIST_KEY_UIApplicationSupportsIndirectInputEvents = YES;
				INFOPLIST_KEY_UILaunchStoryboardName = LaunchScreen;
				INFOPLIST_KEY_UISupportedInterfaceOrientations_iPad = "UIInterfaceOrientationPortrait UIInterfaceOrientationPortraitUpsideDown UIInterfaceOrientationLandscapeLeft UIInterfaceOrientationLandscapeRight";
				INFOPLIST_KEY_UISupportedInterfaceOrientations_iPhone = "UIInterfaceOrientationPortrait UIInterfaceOrientationLandscapeLeft UIInterfaceOrientationLandscapeRight";
				LD_RUNPATH_SEARCH_PATHS = (
					"$(inherited)",
					"@executable_path/Frameworks",
				);
				MARKETING_VERSION = 1.0;
				PRODUCT_BUNDLE_IDENTIFIER = test.com.SpotifyPreviewApp;
				PRODUCT_NAME = "$(TARGET_NAME)";
				SWIFT_EMIT_LOC_STRINGS = YES;
				SWIFT_VERSION = 5.0;
				TARGETED_DEVICE_FAMILY = "1,2";
			};
			name = Release;
		};
/* End XCBuildConfiguration section */

/* Begin XCConfigurationList section */
		9729FB262793758D00AFD1A0 /* Build configuration list for PBXProject "SpotifyPreviewApp" */ = {
			isa = XCConfigurationList;
			buildConfigurations = (
				9729FB3D2793758E00AFD1A0 /* Debug */,
				9729FB3E2793758E00AFD1A0 /* Release */,
			);
			defaultConfigurationIsVisible = 0;
			defaultConfigurationName = Release;
		};
		9729FB3F2793758E00AFD1A0 /* Build configuration list for PBXNativeTarget "SpotifyPreviewApp" */ = {
			isa = XCConfigurationList;
			buildConfigurations = (
				9729FB402793758E00AFD1A0 /* Debug */,
				9729FB412793758E00AFD1A0 /* Release */,
			);
			defaultConfigurationIsVisible = 0;
			defaultConfigurationName = Release;
		};
/* End XCConfigurationList section */
	};
	rootObject = 9729FB232793758D00AFD1A0 /* Project object */;
}
