// !$*UTF8*$!
{
	archiveVersion = 1;
	classes = {
	};
	objectVersion = 55;
	objects = {

/* Begin PBXBuildFile section */
		7EDF7E95120A249D948EEB23 /* Pods_SpotifyPreviewApp.framework in Frameworks */ = {isa = PBXBuildFile; fileRef = A0715AA1035BF7F63B94F484 /* Pods_SpotifyPreviewApp.framework */; };
		9729FB2F2793758D00AFD1A0 /* AppDelegate.swift in Sources */ = {isa = PBXBuildFile; fileRef = 9729FB2E2793758D00AFD1A0 /* AppDelegate.swift */; };
		9729FB332793758D00AFD1A0 /* AuthorizationViewController.swift in Sources */ = {isa = PBXBuildFile; fileRef = 9729FB322793758D00AFD1A0 /* AuthorizationViewController.swift */; };
		9729FB362793758D00AFD1A0 /* AuthorizationViewController.storyboard in Resources */ = {isa = PBXBuildFile; fileRef = 9729FB342793758D00AFD1A0 /* AuthorizationViewController.storyboard */; };
		9729FB382793758E00AFD1A0 /* Assets.xcassets in Resources */ = {isa = PBXBuildFile; fileRef = 9729FB372793758E00AFD1A0 /* Assets.xcassets */; };
		9729FB3B2793758E00AFD1A0 /* LaunchScreen.storyboard in Resources */ = {isa = PBXBuildFile; fileRef = 9729FB392793758E00AFD1A0 /* LaunchScreen.storyboard */; };
		972F27C2279428850000BE72 /* ApplicationCoordinator.swift in Sources */ = {isa = PBXBuildFile; fileRef = 972F27C1279428850000BE72 /* ApplicationCoordinator.swift */; };
		972F27C6279428E00000BE72 /* BaseCoordinator.swift in Sources */ = {isa = PBXBuildFile; fileRef = 972F27C4279428E00000BE72 /* BaseCoordinator.swift */; };
		972F27C7279428E00000BE72 /* Coordinator.swift in Sources */ = {isa = PBXBuildFile; fileRef = 972F27C5279428E00000BE72 /* Coordinator.swift */; };
		972F27CB279429510000BE72 /* Router.swift in Sources */ = {isa = PBXBuildFile; fileRef = 972F27C9279429510000BE72 /* Router.swift */; };
		972F27CC279429510000BE72 /* RouterProtocol.swift in Sources */ = {isa = PBXBuildFile; fileRef = 972F27CA279429510000BE72 /* RouterProtocol.swift */; };
		972F27CE27942AAF0000BE72 /* Presentable.swift in Sources */ = {isa = PBXBuildFile; fileRef = 972F27CD27942AAF0000BE72 /* Presentable.swift */; };
		972F27D127942B3F0000BE72 /* UIViewController.swift in Sources */ = {isa = PBXBuildFile; fileRef = 972F27CF27942B3F0000BE72 /* UIViewController.swift */; };
		972F27D227942B3F0000BE72 /* StoryboardInstantiable.swift in Sources */ = {isa = PBXBuildFile; fileRef = 972F27D027942B3F0000BE72 /* StoryboardInstantiable.swift */; };
		972F27DB279430410000BE72 /* AuthorizationService.swift in Sources */ = {isa = PBXBuildFile; fileRef = 972F27DA279430410000BE72 /* AuthorizationService.swift */; };
		972F27DE2794309E0000BE72 /* ClientData.swift in Sources */ = {isa = PBXBuildFile; fileRef = 972F27DD2794309E0000BE72 /* ClientData.swift */; };
		972F27E0279437B10000BE72 /* AuthorizationPresenterProtocols.swift in Sources */ = {isa = PBXBuildFile; fileRef = 972F27DF279437B10000BE72 /* AuthorizationPresenterProtocols.swift */; };
		972F27E2279437F20000BE72 /* AuthorizationPresenter.swift in Sources */ = {isa = PBXBuildFile; fileRef = 972F27E1279437F20000BE72 /* AuthorizationPresenter.swift */; };
		972F27E4279439A50000BE72 /* AuthorizationInteractorProtocols.swift in Sources */ = {isa = PBXBuildFile; fileRef = 972F27E3279439A50000BE72 /* AuthorizationInteractorProtocols.swift */; };
		972F27E6279439CB0000BE72 /* AuthorizationInteractor.swift in Sources */ = {isa = PBXBuildFile; fileRef = 972F27E5279439CB0000BE72 /* AuthorizationInteractor.swift */; };
		972F27E927943AAC0000BE72 /* KeychainServiceProtocol.swift in Sources */ = {isa = PBXBuildFile; fileRef = 972F27E827943AAC0000BE72 /* KeychainServiceProtocol.swift */; };
		972F27EB27943AB50000BE72 /* KeychainService.swift in Sources */ = {isa = PBXBuildFile; fileRef = 972F27EA27943AB50000BE72 /* KeychainService.swift */; };
		972F27ED27943AC90000BE72 /* AuthorizationServiceProtocol.swift in Sources */ = {isa = PBXBuildFile; fileRef = 972F27EC27943AC90000BE72 /* AuthorizationServiceProtocol.swift */; };
		972F27F127943D050000BE72 /* Token.swift in Sources */ = {isa = PBXBuildFile; fileRef = 972F27F027943D050000BE72 /* Token.swift */; };
		972F27F5279440FE0000BE72 /* AuthorizationCoordinator.swift in Sources */ = {isa = PBXBuildFile; fileRef = 972F27F4279440FE0000BE72 /* AuthorizationCoordinator.swift */; };
		972F27F7279445E60000BE72 /* AuthorizationModuleAssembly.swift in Sources */ = {isa = PBXBuildFile; fileRef = 972F27F6279445E60000BE72 /* AuthorizationModuleAssembly.swift */; };
		972F27FA27947FC50000BE72 /* ServicesData.swift in Sources */ = {isa = PBXBuildFile; fileRef = 972F27F927947FC50000BE72 /* ServicesData.swift */; };
		972F2802279488110000BE72 /* FlowFactory.swift in Sources */ = {isa = PBXBuildFile; fileRef = 972F2801279488110000BE72 /* FlowFactory.swift */; };
		972F2804279488490000BE72 /* FlowFactoryProtocols.swift in Sources */ = {isa = PBXBuildFile; fileRef = 972F2803279488490000BE72 /* FlowFactoryProtocols.swift */; };
		972F2807279491910000BE72 /* CoordinatorFactory.swift in Sources */ = {isa = PBXBuildFile; fileRef = 972F2806279491910000BE72 /* CoordinatorFactory.swift */; };
		972F2809279491BF0000BE72 /* CoordinatorFactoryProtocol.swift in Sources */ = {isa = PBXBuildFile; fileRef = 972F2808279491BF0000BE72 /* CoordinatorFactoryProtocol.swift */; };
		972F280C27949A830000BE72 /* ServiceManager.swift in Sources */ = {isa = PBXBuildFile; fileRef = 972F280B27949A830000BE72 /* ServiceManager.swift */; };
/* End PBXBuildFile section */

/* Begin PBXFileReference section */
		669F0455D3E6D8269E6D2FF2 /* Pods-SpotifyPreviewApp.debug.xcconfig */ = {isa = PBXFileReference; includeInIndex = 1; lastKnownFileType = text.xcconfig; name = "Pods-SpotifyPreviewApp.debug.xcconfig"; path = "Target Support Files/Pods-SpotifyPreviewApp/Pods-SpotifyPreviewApp.debug.xcconfig"; sourceTree = "<group>"; };
		9729FB2B2793758D00AFD1A0 /* SpotifyPreviewApp.app */ = {isa = PBXFileReference; explicitFileType = wrapper.application; includeInIndex = 0; path = SpotifyPreviewApp.app; sourceTree = BUILT_PRODUCTS_DIR; };
		9729FB2E2793758D00AFD1A0 /* AppDelegate.swift */ = {isa = PBXFileReference; lastKnownFileType = sourcecode.swift; path = AppDelegate.swift; sourceTree = "<group>"; };
		9729FB322793758D00AFD1A0 /* AuthorizationViewController.swift */ = {isa = PBXFileReference; lastKnownFileType = sourcecode.swift; path = AuthorizationViewController.swift; sourceTree = "<group>"; };
		9729FB352793758D00AFD1A0 /* Base */ = {isa = PBXFileReference; lastKnownFileType = file.storyboard; name = Base; path = Base.lproj/AuthorizationViewController.storyboard; sourceTree = "<group>"; };
		9729FB372793758E00AFD1A0 /* Assets.xcassets */ = {isa = PBXFileReference; lastKnownFileType = folder.assetcatalog; path = Assets.xcassets; sourceTree = "<group>"; };
		9729FB3A2793758E00AFD1A0 /* Base */ = {isa = PBXFileReference; lastKnownFileType = file.storyboard; name = Base; path = Base.lproj/LaunchScreen.storyboard; sourceTree = "<group>"; };
		9729FB3C2793758E00AFD1A0 /* Info.plist */ = {isa = PBXFileReference; lastKnownFileType = text.plist.xml; path = Info.plist; sourceTree = "<group>"; };
		972F27C1279428850000BE72 /* ApplicationCoordinator.swift */ = {isa = PBXFileReference; fileEncoding = 4; lastKnownFileType = sourcecode.swift; path = ApplicationCoordinator.swift; sourceTree = "<group>"; };
		972F27C4279428E00000BE72 /* BaseCoordinator.swift */ = {isa = PBXFileReference; fileEncoding = 4; lastKnownFileType = sourcecode.swift; path = BaseCoordinator.swift; sourceTree = "<group>"; };
		972F27C5279428E00000BE72 /* Coordinator.swift */ = {isa = PBXFileReference; fileEncoding = 4; lastKnownFileType = sourcecode.swift; path = Coordinator.swift; sourceTree = "<group>"; };
		972F27C9279429510000BE72 /* Router.swift */ = {isa = PBXFileReference; fileEncoding = 4; lastKnownFileType = sourcecode.swift; path = Router.swift; sourceTree = "<group>"; };
		972F27CA279429510000BE72 /* RouterProtocol.swift */ = {isa = PBXFileReference; fileEncoding = 4; lastKnownFileType = sourcecode.swift; path = RouterProtocol.swift; sourceTree = "<group>"; };
		972F27CD27942AAF0000BE72 /* Presentable.swift */ = {isa = PBXFileReference; lastKnownFileType = sourcecode.swift; path = Presentable.swift; sourceTree = "<group>"; };
		972F27CF27942B3F0000BE72 /* UIViewController.swift */ = {isa = PBXFileReference; fileEncoding = 4; lastKnownFileType = sourcecode.swift; path = UIViewController.swift; sourceTree = "<group>"; };
		972F27D027942B3F0000BE72 /* StoryboardInstantiable.swift */ = {isa = PBXFileReference; fileEncoding = 4; lastKnownFileType = sourcecode.swift; path = StoryboardInstantiable.swift; sourceTree = "<group>"; };
		972F27DA279430410000BE72 /* AuthorizationService.swift */ = {isa = PBXFileReference; lastKnownFileType = sourcecode.swift; path = AuthorizationService.swift; sourceTree = "<group>"; };
		972F27DD2794309E0000BE72 /* ClientData.swift */ = {isa = PBXFileReference; lastKnownFileType = sourcecode.swift; path = ClientData.swift; sourceTree = "<group>"; };
		972F27DF279437B10000BE72 /* AuthorizationPresenterProtocols.swift */ = {isa = PBXFileReference; lastKnownFileType = sourcecode.swift; path = AuthorizationPresenterProtocols.swift; sourceTree = "<group>"; };
		972F27E1279437F20000BE72 /* AuthorizationPresenter.swift */ = {isa = PBXFileReference; lastKnownFileType = sourcecode.swift; path = AuthorizationPresenter.swift; sourceTree = "<group>"; };
		972F27E3279439A50000BE72 /* AuthorizationInteractorProtocols.swift */ = {isa = PBXFileReference; lastKnownFileType = sourcecode.swift; path = AuthorizationInteractorProtocols.swift; sourceTree = "<group>"; };
		972F27E5279439CB0000BE72 /* AuthorizationInteractor.swift */ = {isa = PBXFileReference; lastKnownFileType = sourcecode.swift; path = AuthorizationInteractor.swift; sourceTree = "<group>"; };
		972F27E827943AAC0000BE72 /* KeychainServiceProtocol.swift */ = {isa = PBXFileReference; lastKnownFileType = sourcecode.swift; path = KeychainServiceProtocol.swift; sourceTree = "<group>"; };
		972F27EA27943AB50000BE72 /* KeychainService.swift */ = {isa = PBXFileReference; lastKnownFileType = sourcecode.swift; path = KeychainService.swift; sourceTree = "<group>"; };
		972F27EC27943AC90000BE72 /* AuthorizationServiceProtocol.swift */ = {isa = PBXFileReference; lastKnownFileType = sourcecode.swift; path = AuthorizationServiceProtocol.swift; sourceTree = "<group>"; };
		972F27F027943D050000BE72 /* Token.swift */ = {isa = PBXFileReference; lastKnownFileType = sourcecode.swift; path = Token.swift; sourceTree = "<group>"; };
		972F27F4279440FE0000BE72 /* AuthorizationCoordinator.swift */ = {isa = PBXFileReference; fileEncoding = 4; lastKnownFileType = sourcecode.swift; path = AuthorizationCoordinator.swift; sourceTree = "<group>"; };
		972F27F6279445E60000BE72 /* AuthorizationModuleAssembly.swift */ = {isa = PBXFileReference; lastKnownFileType = sourcecode.swift; path = AuthorizationModuleAssembly.swift; sourceTree = "<group>"; };
		972F27F927947FC50000BE72 /* ServicesData.swift */ = {isa = PBXFileReference; lastKnownFileType = sourcecode.swift; path = ServicesData.swift; sourceTree = "<group>"; };
		972F2801279488110000BE72 /* FlowFactory.swift */ = {isa = PBXFileReference; lastKnownFileType = sourcecode.swift; path = FlowFactory.swift; sourceTree = "<group>"; };
		972F2803279488490000BE72 /* FlowFactoryProtocols.swift */ = {isa = PBXFileReference; lastKnownFileType = sourcecode.swift; path = FlowFactoryProtocols.swift; sourceTree = "<group>"; };
		972F2806279491910000BE72 /* CoordinatorFactory.swift */ = {isa = PBXFileReference; lastKnownFileType = sourcecode.swift; path = CoordinatorFactory.swift; sourceTree = "<group>"; };
		972F2808279491BF0000BE72 /* CoordinatorFactoryProtocol.swift */ = {isa = PBXFileReference; lastKnownFileType = sourcecode.swift; path = CoordinatorFactoryProtocol.swift; sourceTree = "<group>"; };
		972F280B27949A830000BE72 /* ServiceManager.swift */ = {isa = PBXFileReference; lastKnownFileType = sourcecode.swift; path = ServiceManager.swift; sourceTree = "<group>"; };
		A0715AA1035BF7F63B94F484 /* Pods_SpotifyPreviewApp.framework */ = {isa = PBXFileReference; explicitFileType = wrapper.framework; includeInIndex = 0; path = Pods_SpotifyPreviewApp.framework; sourceTree = BUILT_PRODUCTS_DIR; };
		A8ED3FA0394E64847E6B604A /* Pods-SpotifyPreviewApp.release.xcconfig */ = {isa = PBXFileReference; includeInIndex = 1; lastKnownFileType = text.xcconfig; name = "Pods-SpotifyPreviewApp.release.xcconfig"; path = "Target Support Files/Pods-SpotifyPreviewApp/Pods-SpotifyPreviewApp.release.xcconfig"; sourceTree = "<group>"; };
/* End PBXFileReference section */

/* Begin PBXFrameworksBuildPhase section */
		9729FB282793758D00AFD1A0 /* Frameworks */ = {
			isa = PBXFrameworksBuildPhase;
			buildActionMask = 2147483647;
			files = (
				7EDF7E95120A249D948EEB23 /* Pods_SpotifyPreviewApp.framework in Frameworks */,
			);
			runOnlyForDeploymentPostprocessing = 0;
		};
/* End PBXFrameworksBuildPhase section */

/* Begin PBXGroup section */
		3AE9673A7DD5E1EB176C7174 /* Pods */ = {
			isa = PBXGroup;
			children = (
				669F0455D3E6D8269E6D2FF2 /* Pods-SpotifyPreviewApp.debug.xcconfig */,
				A8ED3FA0394E64847E6B604A /* Pods-SpotifyPreviewApp.release.xcconfig */,
			);
			path = Pods;
			sourceTree = "<group>";
		};
		9729FB222793758D00AFD1A0 = {
			isa = PBXGroup;
			children = (
				9729FB2D2793758D00AFD1A0 /* SpotifyPreviewApp */,
				9729FB2C2793758D00AFD1A0 /* Products */,
				3AE9673A7DD5E1EB176C7174 /* Pods */,
				F0CC733086A310961E568A19 /* Frameworks */,
			);
			sourceTree = "<group>";
		};
		9729FB2C2793758D00AFD1A0 /* Products */ = {
			isa = PBXGroup;
			children = (
				9729FB2B2793758D00AFD1A0 /* SpotifyPreviewApp.app */,
			);
			name = Products;
			sourceTree = "<group>";
		};
		9729FB2D2793758D00AFD1A0 /* SpotifyPreviewApp */ = {
			isa = PBXGroup;
			children = (
				9729FB42279375A500AFD1A0 /* Delegates */,
				972F27C0279428550000BE72 /* Coordinator */,
				9729FB43279375B400AFD1A0 /* Modules */,
				972F27FF2794878B0000BE72 /* Factories */,
				972F27D8279430260000BE72 /* Services */,
				972F27DC279430740000BE72 /* Resources */,
				9729FB442793762500AFD1A0 /* Extension */,
				9729FB372793758E00AFD1A0 /* Assets.xcassets */,
				9729FB392793758E00AFD1A0 /* LaunchScreen.storyboard */,
				9729FB3C2793758E00AFD1A0 /* Info.plist */,
			);
			path = SpotifyPreviewApp;
			sourceTree = "<group>";
		};
		9729FB42279375A500AFD1A0 /* Delegates */ = {
			isa = PBXGroup;
			children = (
				9729FB2E2793758D00AFD1A0 /* AppDelegate.swift */,
			);
			path = Delegates;
			sourceTree = "<group>";
		};
		9729FB43279375B400AFD1A0 /* Modules */ = {
			isa = PBXGroup;
			children = (
				972F27D327942E320000BE72 /* Authorization */,
			);
			path = Modules;
			sourceTree = "<group>";
		};
		9729FB442793762500AFD1A0 /* Extension */ = {
			isa = PBXGroup;
			children = (
				972F27D027942B3F0000BE72 /* StoryboardInstantiable.swift */,
				972F27CF27942B3F0000BE72 /* UIViewController.swift */,
			);
			path = Extension;
			sourceTree = "<group>";
		};
		972F27C0279428550000BE72 /* Coordinator */ = {
			isa = PBXGroup;
			children = (
				972F27C1279428850000BE72 /* ApplicationCoordinator.swift */,
				972F27F2279440BE0000BE72 /* Flows */,
				972F27C8279429360000BE72 /* Router */,
				972F27C3279428BF0000BE72 /* BaseCoordinator */,
				972F27CD27942AAF0000BE72 /* Presentable.swift */,
			);
			path = Coordinator;
			sourceTree = "<group>";
		};
		972F27C3279428BF0000BE72 /* BaseCoordinator */ = {
			isa = PBXGroup;
			children = (
				972F27C4279428E00000BE72 /* BaseCoordinator.swift */,
				972F27C5279428E00000BE72 /* Coordinator.swift */,
			);
			path = BaseCoordinator;
			sourceTree = "<group>";
		};
		972F27C8279429360000BE72 /* Router */ = {
			isa = PBXGroup;
			children = (
				972F27C9279429510000BE72 /* Router.swift */,
				972F27CA279429510000BE72 /* RouterProtocol.swift */,
			);
			path = Router;
			sourceTree = "<group>";
		};
		972F27D327942E320000BE72 /* Authorization */ = {
			isa = PBXGroup;
			children = (
				972F27D727942FE90000BE72 /* Assembly */,
				972F27D627942F9D0000BE72 /* Interactor */,
				972F27D527942F940000BE72 /* Presenter */,
				972F27D427942F860000BE72 /* View */,
			);
			path = Authorization;
			sourceTree = "<group>";
		};
		972F27D427942F860000BE72 /* View */ = {
			isa = PBXGroup;
			children = (
				9729FB322793758D00AFD1A0 /* AuthorizationViewController.swift */,
				9729FB342793758D00AFD1A0 /* AuthorizationViewController.storyboard */,
			);
			path = View;
			sourceTree = "<group>";
		};
		972F27D527942F940000BE72 /* Presenter */ = {
			isa = PBXGroup;
			children = (
				972F27DF279437B10000BE72 /* AuthorizationPresenterProtocols.swift */,
				972F27E1279437F20000BE72 /* AuthorizationPresenter.swift */,
			);
			path = Presenter;
			sourceTree = "<group>";
		};
		972F27D627942F9D0000BE72 /* Interactor */ = {
			isa = PBXGroup;
			children = (
				972F27E3279439A50000BE72 /* AuthorizationInteractorProtocols.swift */,
				972F27E5279439CB0000BE72 /* AuthorizationInteractor.swift */,
			);
			path = Interactor;
			sourceTree = "<group>";
		};
		972F27D727942FE90000BE72 /* Assembly */ = {
			isa = PBXGroup;
			children = (
				972F27F6279445E60000BE72 /* AuthorizationModuleAssembly.swift */,
			);
			path = Assembly;
			sourceTree = "<group>";
		};
		972F27D8279430260000BE72 /* Services */ = {
			isa = PBXGroup;
			children = (
				972F27E727943A960000BE72 /* KeychainService */,
				972F27D92794303A0000BE72 /* AuthorizationService */,
			);
			path = Services;
			sourceTree = "<group>";
		};
		972F27D92794303A0000BE72 /* AuthorizationService */ = {
			isa = PBXGroup;
			children = (
				972F27DA279430410000BE72 /* AuthorizationService.swift */,
				972F27EC27943AC90000BE72 /* AuthorizationServiceProtocol.swift */,
			);
			path = AuthorizationService;
			sourceTree = "<group>";
		};
		972F27DC279430740000BE72 /* Resources */ = {
			isa = PBXGroup;
			children = (
				972F27F827947FA90000BE72 /* ConfigData */,
				972F27EE27943CEB0000BE72 /* DataModel */,
			);
			path = Resources;
			sourceTree = "<group>";
		};
		972F27E727943A960000BE72 /* KeychainService */ = {
			isa = PBXGroup;
			children = (
				972F27E827943AAC0000BE72 /* KeychainServiceProtocol.swift */,
				972F27EA27943AB50000BE72 /* KeychainService.swift */,
			);
			path = KeychainService;
			sourceTree = "<group>";
		};
		972F27EE27943CEB0000BE72 /* DataModel */ = {
			isa = PBXGroup;
			children = (
				972F27F027943D050000BE72 /* Token.swift */,
			);
			path = DataModel;
			sourceTree = "<group>";
		};
		972F27F2279440BE0000BE72 /* Flows */ = {
			isa = PBXGroup;
			children = (
				972F27F4279440FE0000BE72 /* AuthorizationCoordinator.swift */,
			);
			path = Flows;
			sourceTree = "<group>";
		};
		972F27F827947FA90000BE72 /* ConfigData */ = {
			isa = PBXGroup;
			children = (
				972F27DD2794309E0000BE72 /* ClientData.swift */,
				972F27F927947FC50000BE72 /* ServicesData.swift */,
			);
			path = ConfigData;
			sourceTree = "<group>";
		};
		972F27FF2794878B0000BE72 /* Factories */ = {
			isa = PBXGroup;
			children = (
				972F280A27949A5B0000BE72 /* ServiceManager */,
				972F280527948F900000BE72 /* CoordinatorFactory */,
				972F2800279487DB0000BE72 /* FlowFactory */,
			);
			path = Factories;
			sourceTree = "<group>";
		};
		972F2800279487DB0000BE72 /* FlowFactory */ = {
			isa = PBXGroup;
			children = (
				972F2801279488110000BE72 /* FlowFactory.swift */,
				972F2803279488490000BE72 /* FlowFactoryProtocols.swift */,
			);
			path = FlowFactory;
			sourceTree = "<group>";
		};
		972F280527948F900000BE72 /* CoordinatorFactory */ = {
			isa = PBXGroup;
			children = (
				972F2806279491910000BE72 /* CoordinatorFactory.swift */,
				972F2808279491BF0000BE72 /* CoordinatorFactoryProtocol.swift */,
			);
			path = CoordinatorFactory;
			sourceTree = "<group>";
		};
		972F280A27949A5B0000BE72 /* ServiceManager */ = {
			isa = PBXGroup;
			children = (
				972F280B27949A830000BE72 /* ServiceManager.swift */,
			);
			path = ServiceManager;
			sourceTree = "<group>";
		};
		F0CC733086A310961E568A19 /* Frameworks */ = {
			isa = PBXGroup;
			children = (
				A0715AA1035BF7F63B94F484 /* Pods_SpotifyPreviewApp.framework */,
			);
			name = Frameworks;
			sourceTree = "<group>";
		};
/* End PBXGroup section */

/* Begin PBXNativeTarget section */
		9729FB2A2793758D00AFD1A0 /* SpotifyPreviewApp */ = {
			isa = PBXNativeTarget;
			buildConfigurationList = 9729FB3F2793758E00AFD1A0 /* Build configuration list for PBXNativeTarget "SpotifyPreviewApp" */;
			buildPhases = (
				1447EE588270EA35DBB7F7D6 /* [CP] Check Pods Manifest.lock */,
				9729FB272793758D00AFD1A0 /* Sources */,
				9729FB282793758D00AFD1A0 /* Frameworks */,
				9729FB292793758D00AFD1A0 /* Resources */,
				11DA61B85E40FE160B6CEC3D /* [CP] Embed Pods Frameworks */,
			);
			buildRules = (
			);
			dependencies = (
			);
			name = SpotifyPreviewApp;
			productName = SpotifyPreviewApp;
			productReference = 9729FB2B2793758D00AFD1A0 /* SpotifyPreviewApp.app */;
			productType = "com.apple.product-type.application";
		};
/* End PBXNativeTarget section */

/* Begin PBXProject section */
		9729FB232793758D00AFD1A0 /* Project object */ = {
			isa = PBXProject;
			attributes = {
				BuildIndependentTargetsInParallel = 1;
				LastSwiftUpdateCheck = 1320;
				LastUpgradeCheck = 1320;
				TargetAttributes = {
					9729FB2A2793758D00AFD1A0 = {
						CreatedOnToolsVersion = 13.2.1;
					};
				};
			};
			buildConfigurationList = 9729FB262793758D00AFD1A0 /* Build configuration list for PBXProject "SpotifyPreviewApp" */;
			compatibilityVersion = "Xcode 13.0";
			developmentRegion = en;
			hasScannedForEncodings = 0;
			knownRegions = (
				en,
				Base,
			);
			mainGroup = 9729FB222793758D00AFD1A0;
			productRefGroup = 9729FB2C2793758D00AFD1A0 /* Products */;
			projectDirPath = "";
			projectRoot = "";
			targets = (
				9729FB2A2793758D00AFD1A0 /* SpotifyPreviewApp */,
			);
		};
/* End PBXProject section */

/* Begin PBXResourcesBuildPhase section */
		9729FB292793758D00AFD1A0 /* Resources */ = {
			isa = PBXResourcesBuildPhase;
			buildActionMask = 2147483647;
			files = (
				9729FB3B2793758E00AFD1A0 /* LaunchScreen.storyboard in Resources */,
				9729FB382793758E00AFD1A0 /* Assets.xcassets in Resources */,
				9729FB362793758D00AFD1A0 /* AuthorizationViewController.storyboard in Resources */,
			);
			runOnlyForDeploymentPostprocessing = 0;
		};
/* End PBXResourcesBuildPhase section */

/* Begin PBXShellScriptBuildPhase section */
		11DA61B85E40FE160B6CEC3D /* [CP] Embed Pods Frameworks */ = {
			isa = PBXShellScriptBuildPhase;
			buildActionMask = 2147483647;
			files = (
			);
			inputFileListPaths = (
				"${PODS_ROOT}/Target Support Files/Pods-SpotifyPreviewApp/Pods-SpotifyPreviewApp-frameworks-${CONFIGURATION}-input-files.xcfilelist",
			);
			name = "[CP] Embed Pods Frameworks";
			outputFileListPaths = (
				"${PODS_ROOT}/Target Support Files/Pods-SpotifyPreviewApp/Pods-SpotifyPreviewApp-frameworks-${CONFIGURATION}-output-files.xcfilelist",
			);
			runOnlyForDeploymentPostprocessing = 0;
			shellPath = /bin/sh;
			shellScript = "\"${PODS_ROOT}/Target Support Files/Pods-SpotifyPreviewApp/Pods-SpotifyPreviewApp-frameworks.sh\"\n";
			showEnvVarsInLog = 0;
		};
		1447EE588270EA35DBB7F7D6 /* [CP] Check Pods Manifest.lock */ = {
			isa = PBXShellScriptBuildPhase;
			buildActionMask = 2147483647;
			files = (
			);
			inputFileListPaths = (
			);
			inputPaths = (
				"${PODS_PODFILE_DIR_PATH}/Podfile.lock",
				"${PODS_ROOT}/Manifest.lock",
			);
			name = "[CP] Check Pods Manifest.lock";
			outputFileListPaths = (
			);
			outputPaths = (
				"$(DERIVED_FILE_DIR)/Pods-SpotifyPreviewApp-checkManifestLockResult.txt",
			);
			runOnlyForDeploymentPostprocessing = 0;
			shellPath = /bin/sh;
			shellScript = "diff \"${PODS_PODFILE_DIR_PATH}/Podfile.lock\" \"${PODS_ROOT}/Manifest.lock\" > /dev/null\nif [ $? != 0 ] ; then\n    # print error to STDERR\n    echo \"error: The sandbox is not in sync with the Podfile.lock. Run 'pod install' or update your CocoaPods installation.\" >&2\n    exit 1\nfi\n# This output is used by Xcode 'outputs' to avoid re-running this script phase.\necho \"SUCCESS\" > \"${SCRIPT_OUTPUT_FILE_0}\"\n";
			showEnvVarsInLog = 0;
		};
/* End PBXShellScriptBuildPhase section */

/* Begin PBXSourcesBuildPhase section */
		9729FB272793758D00AFD1A0 /* Sources */ = {
			isa = PBXSourcesBuildPhase;
			buildActionMask = 2147483647;
			files = (
				972F27D127942B3F0000BE72 /* UIViewController.swift in Sources */,
				972F27F7279445E60000BE72 /* AuthorizationModuleAssembly.swift in Sources */,
				972F27DB279430410000BE72 /* AuthorizationService.swift in Sources */,
				972F27FA27947FC50000BE72 /* ServicesData.swift in Sources */,
				972F27C6279428E00000BE72 /* BaseCoordinator.swift in Sources */,
				972F27DE2794309E0000BE72 /* ClientData.swift in Sources */,
				972F27ED27943AC90000BE72 /* AuthorizationServiceProtocol.swift in Sources */,
				972F27E6279439CB0000BE72 /* AuthorizationInteractor.swift in Sources */,
				972F27EB27943AB50000BE72 /* KeychainService.swift in Sources */,
				9729FB332793758D00AFD1A0 /* AuthorizationViewController.swift in Sources */,
				972F2802279488110000BE72 /* FlowFactory.swift in Sources */,
				972F27CC279429510000BE72 /* RouterProtocol.swift in Sources */,
				972F27C7279428E00000BE72 /* Coordinator.swift in Sources */,
				972F27F5279440FE0000BE72 /* AuthorizationCoordinator.swift in Sources */,
				972F2804279488490000BE72 /* FlowFactoryProtocols.swift in Sources */,
				972F2807279491910000BE72 /* CoordinatorFactory.swift in Sources */,
				972F27E927943AAC0000BE72 /* KeychainServiceProtocol.swift in Sources */,
				972F27F127943D050000BE72 /* Token.swift in Sources */,
				972F2809279491BF0000BE72 /* CoordinatorFactoryProtocol.swift in Sources */,
				972F280C27949A830000BE72 /* ServiceManager.swift in Sources */,
				972F27CB279429510000BE72 /* Router.swift in Sources */,
				972F27E4279439A50000BE72 /* AuthorizationInteractorProtocols.swift in Sources */,
				972F27E2279437F20000BE72 /* AuthorizationPresenter.swift in Sources */,
				9729FB2F2793758D00AFD1A0 /* AppDelegate.swift in Sources */,
				972F27D227942B3F0000BE72 /* StoryboardInstantiable.swift in Sources */,
				972F27C2279428850000BE72 /* ApplicationCoordinator.swift in Sources */,
				972F27CE27942AAF0000BE72 /* Presentable.swift in Sources */,
				972F27E0279437B10000BE72 /* AuthorizationPresenterProtocols.swift in Sources */,
			);
			runOnlyForDeploymentPostprocessing = 0;
		};
/* End PBXSourcesBuildPhase section */

/* Begin PBXVariantGroup section */
		9729FB342793758D00AFD1A0 /* AuthorizationViewController.storyboard */ = {
			isa = PBXVariantGroup;
			children = (
				9729FB352793758D00AFD1A0 /* Base */,
			);
			name = AuthorizationViewController.storyboard;
			sourceTree = "<group>";
		};
		9729FB392793758E00AFD1A0 /* LaunchScreen.storyboard */ = {
			isa = PBXVariantGroup;
			children = (
				9729FB3A2793758E00AFD1A0 /* Base */,
			);
			name = LaunchScreen.storyboard;
			sourceTree = "<group>";
		};
/* End PBXVariantGroup section */

/* Begin XCBuildConfiguration section */
		9729FB3D2793758E00AFD1A0 /* Debug */ = {
			isa = XCBuildConfiguration;
			buildSettings = {
				ALWAYS_SEARCH_USER_PATHS = NO;
				CLANG_ANALYZER_NONNULL = YES;
				CLANG_ANALYZER_NUMBER_OBJECT_CONVERSION = YES_AGGRESSIVE;
				CLANG_CXX_LANGUAGE_STANDARD = "gnu++17";
				CLANG_CXX_LIBRARY = "libc++";
				CLANG_ENABLE_MODULES = YES;
				CLANG_ENABLE_OBJC_ARC = YES;
				CLANG_ENABLE_OBJC_WEAK = YES;
				CLANG_WARN_BLOCK_CAPTURE_AUTORELEASING = YES;
				CLANG_WARN_BOOL_CONVERSION = YES;
				CLANG_WARN_COMMA = YES;
				CLANG_WARN_CONSTANT_CONVERSION = YES;
				CLANG_WARN_DEPRECATED_OBJC_IMPLEMENTATIONS = YES;
				CLANG_WARN_DIRECT_OBJC_ISA_USAGE = YES_ERROR;
				CLANG_WARN_DOCUMENTATION_COMMENTS = YES;
				CLANG_WARN_EMPTY_BODY = YES;
				CLANG_WARN_ENUM_CONVERSION = YES;
				CLANG_WARN_INFINITE_RECURSION = YES;
				CLANG_WARN_INT_CONVERSION = YES;
				CLANG_WARN_NON_LITERAL_NULL_CONVERSION = YES;
				CLANG_WARN_OBJC_IMPLICIT_RETAIN_SELF = YES;
				CLANG_WARN_OBJC_LITERAL_CONVERSION = YES;
				CLANG_WARN_OBJC_ROOT_CLASS = YES_ERROR;
				CLANG_WARN_QUOTED_INCLUDE_IN_FRAMEWORK_HEADER = YES;
				CLANG_WARN_RANGE_LOOP_ANALYSIS = YES;
				CLANG_WARN_STRICT_PROTOTYPES = YES;
				CLANG_WARN_SUSPICIOUS_MOVE = YES;
				CLANG_WARN_UNGUARDED_AVAILABILITY = YES_AGGRESSIVE;
				CLANG_WARN_UNREACHABLE_CODE = YES;
				CLANG_WARN__DUPLICATE_METHOD_MATCH = YES;
				COPY_PHASE_STRIP = NO;
				DEBUG_INFORMATION_FORMAT = dwarf;
				ENABLE_STRICT_OBJC_MSGSEND = YES;
				ENABLE_TESTABILITY = YES;
				GCC_C_LANGUAGE_STANDARD = gnu11;
				GCC_DYNAMIC_NO_PIC = NO;
				GCC_NO_COMMON_BLOCKS = YES;
				GCC_OPTIMIZATION_LEVEL = 0;
				GCC_PREPROCESSOR_DEFINITIONS = (
					"DEBUG=1",
					"$(inherited)",
				);
				GCC_WARN_64_TO_32_BIT_CONVERSION = YES;
				GCC_WARN_ABOUT_RETURN_TYPE = YES_ERROR;
				GCC_WARN_UNDECLARED_SELECTOR = YES;
				GCC_WARN_UNINITIALIZED_AUTOS = YES_AGGRESSIVE;
				GCC_WARN_UNUSED_FUNCTION = YES;
				GCC_WARN_UNUSED_VARIABLE = YES;
				IPHONEOS_DEPLOYMENT_TARGET = 15.2;
				MTL_ENABLE_DEBUG_INFO = INCLUDE_SOURCE;
				MTL_FAST_MATH = YES;
				ONLY_ACTIVE_ARCH = YES;
				SDKROOT = iphoneos;
				SWIFT_ACTIVE_COMPILATION_CONDITIONS = DEBUG;
				SWIFT_OPTIMIZATION_LEVEL = "-Onone";
			};
			name = Debug;
		};
		9729FB3E2793758E00AFD1A0 /* Release */ = {
			isa = XCBuildConfiguration;
			buildSettings = {
				ALWAYS_SEARCH_USER_PATHS = NO;
				CLANG_ANALYZER_NONNULL = YES;
				CLANG_ANALYZER_NUMBER_OBJECT_CONVERSION = YES_AGGRESSIVE;
				CLANG_CXX_LANGUAGE_STANDARD = "gnu++17";
				CLANG_CXX_LIBRARY = "libc++";
				CLANG_ENABLE_MODULES = YES;
				CLANG_ENABLE_OBJC_ARC = YES;
				CLANG_ENABLE_OBJC_WEAK = YES;
				CLANG_WARN_BLOCK_CAPTURE_AUTORELEASING = YES;
				CLANG_WARN_BOOL_CONVERSION = YES;
				CLANG_WARN_COMMA = YES;
				CLANG_WARN_CONSTANT_CONVERSION = YES;
				CLANG_WARN_DEPRECATED_OBJC_IMPLEMENTATIONS = YES;
				CLANG_WARN_DIRECT_OBJC_ISA_USAGE = YES_ERROR;
				CLANG_WARN_DOCUMENTATION_COMMENTS = YES;
				CLANG_WARN_EMPTY_BODY = YES;
				CLANG_WARN_ENUM_CONVERSION = YES;
				CLANG_WARN_INFINITE_RECURSION = YES;
				CLANG_WARN_INT_CONVERSION = YES;
				CLANG_WARN_NON_LITERAL_NULL_CONVERSION = YES;
				CLANG_WARN_OBJC_IMPLICIT_RETAIN_SELF = YES;
				CLANG_WARN_OBJC_LITERAL_CONVERSION = YES;
				CLANG_WARN_OBJC_ROOT_CLASS = YES_ERROR;
				CLANG_WARN_QUOTED_INCLUDE_IN_FRAMEWORK_HEADER = YES;
				CLANG_WARN_RANGE_LOOP_ANALYSIS = YES;
				CLANG_WARN_STRICT_PROTOTYPES = YES;
				CLANG_WARN_SUSPICIOUS_MOVE = YES;
				CLANG_WARN_UNGUARDED_AVAILABILITY = YES_AGGRESSIVE;
				CLANG_WARN_UNREACHABLE_CODE = YES;
				CLANG_WARN__DUPLICATE_METHOD_MATCH = YES;
				COPY_PHASE_STRIP = NO;
				DEBUG_INFORMATION_FORMAT = "dwarf-with-dsym";
				ENABLE_NS_ASSERTIONS = NO;
				ENABLE_STRICT_OBJC_MSGSEND = YES;
				GCC_C_LANGUAGE_STANDARD = gnu11;
				GCC_NO_COMMON_BLOCKS = YES;
				GCC_WARN_64_TO_32_BIT_CONVERSION = YES;
				GCC_WARN_ABOUT_RETURN_TYPE = YES_ERROR;
				GCC_WARN_UNDECLARED_SELECTOR = YES;
				GCC_WARN_UNINITIALIZED_AUTOS = YES_AGGRESSIVE;
				GCC_WARN_UNUSED_FUNCTION = YES;
				GCC_WARN_UNUSED_VARIABLE = YES;
				IPHONEOS_DEPLOYMENT_TARGET = 15.2;
				MTL_ENABLE_DEBUG_INFO = NO;
				MTL_FAST_MATH = YES;
				SDKROOT = iphoneos;
				SWIFT_COMPILATION_MODE = wholemodule;
				SWIFT_OPTIMIZATION_LEVEL = "-O";
				VALIDATE_PRODUCT = YES;
			};
			name = Release;
		};
		9729FB402793758E00AFD1A0 /* Debug */ = {
			isa = XCBuildConfiguration;
			baseConfigurationReference = 669F0455D3E6D8269E6D2FF2 /* Pods-SpotifyPreviewApp.debug.xcconfig */;
			buildSettings = {
				ASSETCATALOG_COMPILER_APPICON_NAME = AppIcon;
				ASSETCATALOG_COMPILER_GLOBAL_ACCENT_COLOR_NAME = AccentColor;
				CODE_SIGN_STYLE = Automatic;
				CURRENT_PROJECT_VERSION = 1;
				DEVELOPMENT_TEAM = HZY2A94RV9;
				GENERATE_INFOPLIST_FILE = YES;
				INFOPLIST_FILE = SpotifyPreviewApp/Info.plist;
				INFOPLIST_KEY_UIApplicationSupportsIndirectInputEvents = YES;
				INFOPLIST_KEY_UILaunchStoryboardName = LaunchScreen;
				INFOPLIST_KEY_UISupportedInterfaceOrientations_iPad = "UIInterfaceOrientationPortrait UIInterfaceOrientationPortraitUpsideDown UIInterfaceOrientationLandscapeLeft UIInterfaceOrientationLandscapeRight";
				INFOPLIST_KEY_UISupportedInterfaceOrientations_iPhone = "UIInterfaceOrientationPortrait UIInterfaceOrientationLandscapeLeft UIInterfaceOrientationLandscapeRight";
				LD_RUNPATH_SEARCH_PATHS = (
					"$(inherited)",
					"@executable_path/Frameworks",
				);
				MARKETING_VERSION = 1.0;
				PRODUCT_BUNDLE_IDENTIFIER = test.com.SpotifyPreviewApp;
				PRODUCT_NAME = "$(TARGET_NAME)";
				SWIFT_EMIT_LOC_STRINGS = YES;
				SWIFT_VERSION = 5.0;
				TARGETED_DEVICE_FAMILY = "1,2";
			};
			name = Debug;
		};
		9729FB412793758E00AFD1A0 /* Release */ = {
			isa = XCBuildConfiguration;
			baseConfigurationReference = A8ED3FA0394E64847E6B604A /* Pods-SpotifyPreviewApp.release.xcconfig */;
			buildSettings = {
				ASSETCATALOG_COMPILER_APPICON_NAME = AppIcon;
				ASSETCATALOG_COMPILER_GLOBAL_ACCENT_COLOR_NAME = AccentColor;
				CODE_SIGN_STYLE = Automatic;
				CURRENT_PROJECT_VERSION = 1;
				DEVELOPMENT_TEAM = HZY2A94RV9;
				GENERATE_INFOPLIST_FILE = YES;
				INFOPLIST_FILE = SpotifyPreviewApp/Info.plist;
				INFOPLIST_KEY_UIApplicationSupportsIndirectInputEvents = YES;
				INFOPLIST_KEY_UILaunchStoryboardName = LaunchScreen;
				INFOPLIST_KEY_UISupportedInterfaceOrientations_iPad = "UIInterfaceOrientationPortrait UIInterfaceOrientationPortraitUpsideDown UIInterfaceOrientationLandscapeLeft UIInterfaceOrientationLandscapeRight";
				INFOPLIST_KEY_UISupportedInterfaceOrientations_iPhone = "UIInterfaceOrientationPortrait UIInterfaceOrientationLandscapeLeft UIInterfaceOrientationLandscapeRight";
				LD_RUNPATH_SEARCH_PATHS = (
					"$(inherited)",
					"@executable_path/Frameworks",
				);
				MARKETING_VERSION = 1.0;
				PRODUCT_BUNDLE_IDENTIFIER = test.com.SpotifyPreviewApp;
				PRODUCT_NAME = "$(TARGET_NAME)";
				SWIFT_EMIT_LOC_STRINGS = YES;
				SWIFT_VERSION = 5.0;
				TARGETED_DEVICE_FAMILY = "1,2";
			};
			name = Release;
		};
/* End XCBuildConfiguration section */

/* Begin XCConfigurationList section */
		9729FB262793758D00AFD1A0 /* Build configuration list for PBXProject "SpotifyPreviewApp" */ = {
			isa = XCConfigurationList;
			buildConfigurations = (
				9729FB3D2793758E00AFD1A0 /* Debug */,
				9729FB3E2793758E00AFD1A0 /* Release */,
			);
			defaultConfigurationIsVisible = 0;
			defaultConfigurationName = Release;
		};
		9729FB3F2793758E00AFD1A0 /* Build configuration list for PBXNativeTarget "SpotifyPreviewApp" */ = {
			isa = XCConfigurationList;
			buildConfigurations = (
				9729FB402793758E00AFD1A0 /* Debug */,
				9729FB412793758E00AFD1A0 /* Release */,
			);
			defaultConfigurationIsVisible = 0;
			defaultConfigurationName = Release;
		};
/* End XCConfigurationList section */
	};
	rootObject = 9729FB232793758D00AFD1A0 /* Project object */;
}
