// !$*UTF8*$!
{
	archiveVersion = 1;
	classes = {
	};
	objectVersion = 55;
	objects = {

/* Begin PBXBuildFile section */
		6B06FDDC27AD259B000E66CE /* ListOfPlaylistsAssembly.swift in Sources */ = {isa = PBXBuildFile; fileRef = 6B06FDCE27AD259B000E66CE /* ListOfPlaylistsAssembly.swift */; };
		6B06FDDD27AD259B000E66CE /* ListOfPlaylistsPresenterProtocols.swift in Sources */ = {isa = PBXBuildFile; fileRef = 6B06FDD027AD259B000E66CE /* ListOfPlaylistsPresenterProtocols.swift */; };
		6B06FDDE27AD259B000E66CE /* ListOfPlaylistsPresenter.swift in Sources */ = {isa = PBXBuildFile; fileRef = 6B06FDD127AD259B000E66CE /* ListOfPlaylistsPresenter.swift */; };
		6B06FDE027AD259B000E66CE /* ListOfPlaylistsViewController.swift in Sources */ = {isa = PBXBuildFile; fileRef = 6B06FDD427AD259B000E66CE /* ListOfPlaylistsViewController.swift */; };
		6B06FDE127AD259B000E66CE /* ListOfPlaylistsViewController.storyboard in Resources */ = {isa = PBXBuildFile; fileRef = 6B06FDD527AD259B000E66CE /* ListOfPlaylistsViewController.storyboard */; };
		6B06FDE227AD259B000E66CE /* ListOfPlaylistsInteractorProtocols.swift in Sources */ = {isa = PBXBuildFile; fileRef = 6B06FDD727AD259B000E66CE /* ListOfPlaylistsInteractorProtocols.swift */; };
		6B06FDE327AD259B000E66CE /* ListOfPlaylistsInteractor.swift in Sources */ = {isa = PBXBuildFile; fileRef = 6B06FDD827AD259B000E66CE /* ListOfPlaylistsInteractor.swift */; };
		6B1060B127A922A800EB98A7 /* TabBarCoordinator.swift in Sources */ = {isa = PBXBuildFile; fileRef = 6B1060B027A922A800EB98A7 /* TabBarCoordinator.swift */; };
		6B1060B427A9259C00EB98A7 /* SearchCoordinator.swift in Sources */ = {isa = PBXBuildFile; fileRef = 6B1060B327A9259C00EB98A7 /* SearchCoordinator.swift */; };
		6B1060C927A927C900EB98A7 /* CategoriesAssembly.swift in Sources */ = {isa = PBXBuildFile; fileRef = 6B1060B727A927C900EB98A7 /* CategoriesAssembly.swift */; };
		6B1060CA27A927C900EB98A7 /* CategoriesPresenter.swift in Sources */ = {isa = PBXBuildFile; fileRef = 6B1060B927A927C900EB98A7 /* CategoriesPresenter.swift */; };
		6B1060CB27A927C900EB98A7 /* CategoriesPresenterProtocols.swift in Sources */ = {isa = PBXBuildFile; fileRef = 6B1060BA27A927C900EB98A7 /* CategoriesPresenterProtocols.swift */; };
		6B1060CC27A927C900EB98A7 /* CategoriesCollectionViewDataSource.swift in Sources */ = {isa = PBXBuildFile; fileRef = 6B1060BD27A927C900EB98A7 /* CategoriesCollectionViewDataSource.swift */; };
		6B1060CD27A927C900EB98A7 /* CollectionViewCell.swift in Sources */ = {isa = PBXBuildFile; fileRef = 6B1060BF27A927C900EB98A7 /* CollectionViewCell.swift */; };
		6B1060CE27A927C900EB98A7 /* CollectionViewCell.xib in Resources */ = {isa = PBXBuildFile; fileRef = 6B1060C027A927C900EB98A7 /* CollectionViewCell.xib */; };
		6B1060CF27A927C900EB98A7 /* CategoriesViewController.swift in Sources */ = {isa = PBXBuildFile; fileRef = 6B1060C127A927C900EB98A7 /* CategoriesViewController.swift */; };
		6B1060D027A927C900EB98A7 /* CategoriesViewController.storyboard in Resources */ = {isa = PBXBuildFile; fileRef = 6B1060C227A927C900EB98A7 /* CategoriesViewController.storyboard */; };
		6B1060D127A927C900EB98A7 /* CategoriesInteractorProtocols.swift in Sources */ = {isa = PBXBuildFile; fileRef = 6B1060C427A927C900EB98A7 /* CategoriesInteractorProtocols.swift */; };
		6B1060D227A927C900EB98A7 /* CategoriesInteractor.swift in Sources */ = {isa = PBXBuildFile; fileRef = 6B1060C527A927C900EB98A7 /* CategoriesInteractor.swift */; };
		6B1060E627A9281F00EB98A7 /* SearchAssembly.swift in Sources */ = {isa = PBXBuildFile; fileRef = 6B1060D727A9281F00EB98A7 /* SearchAssembly.swift */; };
		6B1060E727A9281F00EB98A7 /* SearchPresenterProtocols.swift in Sources */ = {isa = PBXBuildFile; fileRef = 6B1060D927A9281F00EB98A7 /* SearchPresenterProtocols.swift */; };
		6B1060E827A9281F00EB98A7 /* SearchPresenter.swift in Sources */ = {isa = PBXBuildFile; fileRef = 6B1060DA27A9281F00EB98A7 /* SearchPresenter.swift */; };
		6B1060EA27A9281F00EB98A7 /* SearchViewController.swift in Sources */ = {isa = PBXBuildFile; fileRef = 6B1060DE27A9281F00EB98A7 /* SearchViewController.swift */; };
		6B1060EB27A9281F00EB98A7 /* SearchViewController.storyboard in Resources */ = {isa = PBXBuildFile; fileRef = 6B1060DF27A9281F00EB98A7 /* SearchViewController.storyboard */; };
		6B1060EC27A9281F00EB98A7 /* TrackTableViewCell.xib in Resources */ = {isa = PBXBuildFile; fileRef = 6B1060E127A9281F00EB98A7 /* TrackTableViewCell.xib */; };
		6B1060ED27A9281F00EB98A7 /* TrackTableViewCell.swift in Sources */ = {isa = PBXBuildFile; fileRef = 6B1060E227A9281F00EB98A7 /* TrackTableViewCell.swift */; };
		6B1060EE27A9281F00EB98A7 /* SearchInteractorProtocol.swift in Sources */ = {isa = PBXBuildFile; fileRef = 6B1060E427A9281F00EB98A7 /* SearchInteractorProtocol.swift */; };
		6B1060EF27A9281F00EB98A7 /* SearchInteractor.swift in Sources */ = {isa = PBXBuildFile; fileRef = 6B1060E527A9281F00EB98A7 /* SearchInteractor.swift */; };
		6B1060F227A929BA00EB98A7 /* Network.swift in Sources */ = {isa = PBXBuildFile; fileRef = 6B1060F127A929BA00EB98A7 /* Network.swift */; };
		6B1060F427A929D200EB98A7 /* NetworkServiceProtocol.swift in Sources */ = {isa = PBXBuildFile; fileRef = 6B1060F327A929D200EB98A7 /* NetworkServiceProtocol.swift */; };
		6B1060F927A938B200EB98A7 /* ListOfSearchedTracks.swift in Sources */ = {isa = PBXBuildFile; fileRef = 6B1060F727A938B200EB98A7 /* ListOfSearchedTracks.swift */; };
		6B1060FA27A938B200EB98A7 /* Categories.swift in Sources */ = {isa = PBXBuildFile; fileRef = 6B1060F827A938B200EB98A7 /* Categories.swift */; };
		6B1060FC27A938E200EB98A7 /* Playlist.swift in Sources */ = {isa = PBXBuildFile; fileRef = 6B1060FB27A938E200EB98A7 /* Playlist.swift */; };
		6B1060FE27A9391400EB98A7 /* Playlists.swift in Sources */ = {isa = PBXBuildFile; fileRef = 6B1060FD27A9391400EB98A7 /* Playlists.swift */; };
		6B10610127A9393F00EB98A7 /* CacheImageStorage.swift in Sources */ = {isa = PBXBuildFile; fileRef = 6B10610027A9393F00EB98A7 /* CacheImageStorage.swift */; };
		6B10610527A939D500EB98A7 /* CellExtention.swift in Sources */ = {isa = PBXBuildFile; fileRef = 6B10610227A939D400EB98A7 /* CellExtention.swift */; };
		6B10610627A939D500EB98A7 /* CollectionViewExtention.swift in Sources */ = {isa = PBXBuildFile; fileRef = 6B10610327A939D500EB98A7 /* CollectionViewExtention.swift */; };
		6B10610727A939D500EB98A7 /* ImageViewExtention.swift in Sources */ = {isa = PBXBuildFile; fileRef = 6B10610427A939D500EB98A7 /* ImageViewExtention.swift */; };
		6B10610A27A93A0900EB98A7 /* TableViewHeaderFooterViewExtention.swift in Sources */ = {isa = PBXBuildFile; fileRef = 6B10610827A93A0900EB98A7 /* TableViewHeaderFooterViewExtention.swift */; };
		6B10610B27A93A0900EB98A7 /* TableViewExtention.swift in Sources */ = {isa = PBXBuildFile; fileRef = 6B10610927A93A0900EB98A7 /* TableViewExtention.swift */; };
		6B16637327BBF33B00577712 /* URLBuilder.swift in Sources */ = {isa = PBXBuildFile; fileRef = 6B16637227BBF33B00577712 /* URLBuilder.swift */; };
		6B16637527BBF44C00577712 /* URLBuilderProtocol.swift in Sources */ = {isa = PBXBuildFile; fileRef = 6B16637427BBF44C00577712 /* URLBuilderProtocol.swift */; };
		6B3934BF27A8388D00B9C742 /* TabBarController.swift in Sources */ = {isa = PBXBuildFile; fileRef = 6B3934BE27A8388D00B9C742 /* TabBarController.swift */; };
		6B3934C427A83B8A00B9C742 /* TabBarItem.swift in Sources */ = {isa = PBXBuildFile; fileRef = 6B3934C327A83B8A00B9C742 /* TabBarItem.swift */; };
		6B811C1B27AD2CC50000EB93 /* PlaylistsCoordinator.swift in Sources */ = {isa = PBXBuildFile; fileRef = 6B811C1A27AD2CC50000EB93 /* PlaylistsCoordinator.swift */; };
		6B9ABFCB27AAD03800F9F9F3 /* TableViewCell.swift in Sources */ = {isa = PBXBuildFile; fileRef = 6B9ABFBD27AAD03800F9F9F3 /* TableViewCell.swift */; };
		6B9ABFCC27AAD03800F9F9F3 /* TableViewCell.xib in Resources */ = {isa = PBXBuildFile; fileRef = 6B9ABFBE27AAD03800F9F9F3 /* TableViewCell.xib */; };
		6B9ABFE927AAD47F00F9F9F3 /* ProfileAssembly.swift in Sources */ = {isa = PBXBuildFile; fileRef = 6B9ABFD727AAD47F00F9F9F3 /* ProfileAssembly.swift */; };
		6B9ABFEA27AAD47F00F9F9F3 /* ProfilePresenter.swift in Sources */ = {isa = PBXBuildFile; fileRef = 6B9ABFD927AAD47F00F9F9F3 /* ProfilePresenter.swift */; };
		6B9ABFEB27AAD47F00F9F9F3 /* ProfilePresenterProtocols.swift in Sources */ = {isa = PBXBuildFile; fileRef = 6B9ABFDA27AAD47F00F9F9F3 /* ProfilePresenterProtocols.swift */; };
		6B9ABFEC27AAD47F00F9F9F3 /* TableViewDataSource.swift in Sources */ = {isa = PBXBuildFile; fileRef = 6B9ABFDD27AAD47F00F9F9F3 /* TableViewDataSource.swift */; };
		6B9ABFEE27AAD47F00F9F9F3 /* ProfileViewController.swift in Sources */ = {isa = PBXBuildFile; fileRef = 6B9ABFDF27AAD47F00F9F9F3 /* ProfileViewController.swift */; };
		6B9ABFF127AAD47F00F9F9F3 /* ProfileInteractorProtocols.swift in Sources */ = {isa = PBXBuildFile; fileRef = 6B9ABFE427AAD47F00F9F9F3 /* ProfileInteractorProtocols.swift */; };
		6B9ABFF227AAD47F00F9F9F3 /* ProfileInteractor.swift in Sources */ = {isa = PBXBuildFile; fileRef = 6B9ABFE527AAD47F00F9F9F3 /* ProfileInteractor.swift */; };
		6B9ABFF727AADB6900F9F9F3 /* TrackTableViewDataSource.swift in Sources */ = {isa = PBXBuildFile; fileRef = 6B9ABFF627AADB6900F9F9F3 /* TrackTableViewDataSource.swift */; };
		6B9ABFFD27AADCEF00F9F9F3 /* User.swift in Sources */ = {isa = PBXBuildFile; fileRef = 6B9ABFFC27AADCEF00F9F9F3 /* User.swift */; };
		6B9AC00027AAE30400F9F9F3 /* ProfileViewController.storyboard in Resources */ = {isa = PBXBuildFile; fileRef = 6B9ABFFF27AAE30400F9F9F3 /* ProfileViewController.storyboard */; };
		6B9AC00227AAEDAD00F9F9F3 /* ProfileCoordinator.swift in Sources */ = {isa = PBXBuildFile; fileRef = 6B9AC00127AAEDAD00F9F9F3 /* ProfileCoordinator.swift */; };
		6BBCB90E27BA54F700FC2A34 /* ArtistModuleAssembly.swift in Sources */ = {isa = PBXBuildFile; fileRef = 6BBCB8FA27BA54F700FC2A34 /* ArtistModuleAssembly.swift */; };
		6BBCB90F27BA54F700FC2A34 /* ArtistPresenter.swift in Sources */ = {isa = PBXBuildFile; fileRef = 6BBCB8FC27BA54F700FC2A34 /* ArtistPresenter.swift */; };
		6BBCB91027BA54F700FC2A34 /* ArtistPresenterProtocols.swift in Sources */ = {isa = PBXBuildFile; fileRef = 6BBCB8FD27BA54F700FC2A34 /* ArtistPresenterProtocols.swift */; };
		6BBCB91327BA54F700FC2A34 /* ArtistTableViewDataSource.swift in Sources */ = {isa = PBXBuildFile; fileRef = 6BBCB90227BA54F700FC2A34 /* ArtistTableViewDataSource.swift */; };
		6BBCB91427BA54F700FC2A34 /* ArtistViewController.storyboard in Resources */ = {isa = PBXBuildFile; fileRef = 6BBCB90327BA54F700FC2A34 /* ArtistViewController.storyboard */; };
		6BBCB91927BA54F700FC2A34 /* ArtistViewController.swift in Sources */ = {isa = PBXBuildFile; fileRef = 6BBCB90A27BA54F700FC2A34 /* ArtistViewController.swift */; };
		6BBCB91A27BA54F700FC2A34 /* ArtistInteractor.swift in Sources */ = {isa = PBXBuildFile; fileRef = 6BBCB90C27BA54F700FC2A34 /* ArtistInteractor.swift */; };
		6BBCB91B27BA54F700FC2A34 /* ArtistInteractorProtocols.swift in Sources */ = {isa = PBXBuildFile; fileRef = 6BBCB90D27BA54F700FC2A34 /* ArtistInteractorProtocols.swift */; };
		6BBCB92027BA75D100FC2A34 /* ArtistCoordinator.swift in Sources */ = {isa = PBXBuildFile; fileRef = 6BBCB91F27BA75D100FC2A34 /* ArtistCoordinator.swift */; };
		7EDF7E95120A249D948EEB23 /* Pods_SpotifyPreviewApp.framework in Frameworks */ = {isa = PBXBuildFile; fileRef = A0715AA1035BF7F63B94F484 /* Pods_SpotifyPreviewApp.framework */; };
		9729FB2F2793758D00AFD1A0 /* AppDelegate.swift in Sources */ = {isa = PBXBuildFile; fileRef = 9729FB2E2793758D00AFD1A0 /* AppDelegate.swift */; };
		9729FB332793758D00AFD1A0 /* AuthorizationViewController.swift in Sources */ = {isa = PBXBuildFile; fileRef = 9729FB322793758D00AFD1A0 /* AuthorizationViewController.swift */; };
		9729FB362793758D00AFD1A0 /* AuthorizationViewController.storyboard in Resources */ = {isa = PBXBuildFile; fileRef = 9729FB342793758D00AFD1A0 /* AuthorizationViewController.storyboard */; };
		9729FB382793758E00AFD1A0 /* Assets.xcassets in Resources */ = {isa = PBXBuildFile; fileRef = 9729FB372793758E00AFD1A0 /* Assets.xcassets */; };
		9729FB3B2793758E00AFD1A0 /* LaunchScreen.storyboard in Resources */ = {isa = PBXBuildFile; fileRef = 9729FB392793758E00AFD1A0 /* LaunchScreen.storyboard */; };
		972F27C2279428850000BE72 /* ApplicationCoordinator.swift in Sources */ = {isa = PBXBuildFile; fileRef = 972F27C1279428850000BE72 /* ApplicationCoordinator.swift */; };
		972F27C6279428E00000BE72 /* BaseCoordinator.swift in Sources */ = {isa = PBXBuildFile; fileRef = 972F27C4279428E00000BE72 /* BaseCoordinator.swift */; };
		972F27C7279428E00000BE72 /* Coordinator.swift in Sources */ = {isa = PBXBuildFile; fileRef = 972F27C5279428E00000BE72 /* Coordinator.swift */; };
		972F27CB279429510000BE72 /* Router.swift in Sources */ = {isa = PBXBuildFile; fileRef = 972F27C9279429510000BE72 /* Router.swift */; };
		972F27CC279429510000BE72 /* RouterProtocol.swift in Sources */ = {isa = PBXBuildFile; fileRef = 972F27CA279429510000BE72 /* RouterProtocol.swift */; };
		972F27CE27942AAF0000BE72 /* Presentable.swift in Sources */ = {isa = PBXBuildFile; fileRef = 972F27CD27942AAF0000BE72 /* Presentable.swift */; };
		972F27D127942B3F0000BE72 /* UIViewController.swift in Sources */ = {isa = PBXBuildFile; fileRef = 972F27CF27942B3F0000BE72 /* UIViewController.swift */; };
		972F27D227942B3F0000BE72 /* StoryboardInstantiable.swift in Sources */ = {isa = PBXBuildFile; fileRef = 972F27D027942B3F0000BE72 /* StoryboardInstantiable.swift */; };
		972F27DB279430410000BE72 /* AuthorizationService.swift in Sources */ = {isa = PBXBuildFile; fileRef = 972F27DA279430410000BE72 /* AuthorizationService.swift */; };
		972F27DE2794309E0000BE72 /* URLPath.swift in Sources */ = {isa = PBXBuildFile; fileRef = 972F27DD2794309E0000BE72 /* URLPath.swift */; };
		972F27E0279437B10000BE72 /* AuthorizationPresenterProtocols.swift in Sources */ = {isa = PBXBuildFile; fileRef = 972F27DF279437B10000BE72 /* AuthorizationPresenterProtocols.swift */; };
		972F27E2279437F20000BE72 /* AuthorizationPresenter.swift in Sources */ = {isa = PBXBuildFile; fileRef = 972F27E1279437F20000BE72 /* AuthorizationPresenter.swift */; };
		972F27E4279439A50000BE72 /* AuthorizationInteractorProtocols.swift in Sources */ = {isa = PBXBuildFile; fileRef = 972F27E3279439A50000BE72 /* AuthorizationInteractorProtocols.swift */; };
		972F27E6279439CB0000BE72 /* AuthorizationInteractor.swift in Sources */ = {isa = PBXBuildFile; fileRef = 972F27E5279439CB0000BE72 /* AuthorizationInteractor.swift */; };
		972F27E927943AAC0000BE72 /* KeychainServiceProtocol.swift in Sources */ = {isa = PBXBuildFile; fileRef = 972F27E827943AAC0000BE72 /* KeychainServiceProtocol.swift */; };
		972F27EB27943AB50000BE72 /* KeychainService.swift in Sources */ = {isa = PBXBuildFile; fileRef = 972F27EA27943AB50000BE72 /* KeychainService.swift */; };
		972F27ED27943AC90000BE72 /* AuthorizationServiceProtocol.swift in Sources */ = {isa = PBXBuildFile; fileRef = 972F27EC27943AC90000BE72 /* AuthorizationServiceProtocol.swift */; };
		972F27F127943D050000BE72 /* Token.swift in Sources */ = {isa = PBXBuildFile; fileRef = 972F27F027943D050000BE72 /* Token.swift */; };
		972F27F5279440FE0000BE72 /* AuthorizationCoordinator.swift in Sources */ = {isa = PBXBuildFile; fileRef = 972F27F4279440FE0000BE72 /* AuthorizationCoordinator.swift */; };
		972F27F7279445E60000BE72 /* AuthorizationModuleAssembly.swift in Sources */ = {isa = PBXBuildFile; fileRef = 972F27F6279445E60000BE72 /* AuthorizationModuleAssembly.swift */; };
		972F27FA27947FC50000BE72 /* AuthorizationData.swift in Sources */ = {isa = PBXBuildFile; fileRef = 972F27F927947FC50000BE72 /* AuthorizationData.swift */; };
		972F2802279488110000BE72 /* FlowFactory.swift in Sources */ = {isa = PBXBuildFile; fileRef = 972F2801279488110000BE72 /* FlowFactory.swift */; };
		972F2804279488490000BE72 /* FlowFactoryProtocols.swift in Sources */ = {isa = PBXBuildFile; fileRef = 972F2803279488490000BE72 /* FlowFactoryProtocols.swift */; };
		972F2807279491910000BE72 /* CoordinatorFactory.swift in Sources */ = {isa = PBXBuildFile; fileRef = 972F2806279491910000BE72 /* CoordinatorFactory.swift */; };
		972F2809279491BF0000BE72 /* CoordinatorFactoryProtocol.swift in Sources */ = {isa = PBXBuildFile; fileRef = 972F2808279491BF0000BE72 /* CoordinatorFactoryProtocol.swift */; };
		972F280C27949A830000BE72 /* ServiceManager.swift in Sources */ = {isa = PBXBuildFile; fileRef = 972F280B27949A830000BE72 /* ServiceManager.swift */; };
		9766CC1027ADD16200426D8F /* NewPlaylist.swift in Sources */ = {isa = PBXBuildFile; fileRef = 9766CC0F27ADD16200426D8F /* NewPlaylist.swift */; };
		97A418A427AFC7F00012CD3D /* PlaylistModuleAssembly.swift in Sources */ = {isa = PBXBuildFile; fileRef = 97A4189827AFC7F00012CD3D /* PlaylistModuleAssembly.swift */; };
		97A418A527AFC7F00012CD3D /* PlaylistPresenter.swift in Sources */ = {isa = PBXBuildFile; fileRef = 97A4189A27AFC7F00012CD3D /* PlaylistPresenter.swift */; };
		97A418A627AFC7F00012CD3D /* PlaylistPresenterProtocols.swift in Sources */ = {isa = PBXBuildFile; fileRef = 97A4189B27AFC7F00012CD3D /* PlaylistPresenterProtocols.swift */; };
		97A418A727AFC7F00012CD3D /* PlaylistViewController.storyboard in Resources */ = {isa = PBXBuildFile; fileRef = 97A4189D27AFC7F00012CD3D /* PlaylistViewController.storyboard */; };
		97A418A927AFC7F00012CD3D /* PlaylistViewController.swift in Sources */ = {isa = PBXBuildFile; fileRef = 97A418A027AFC7F00012CD3D /* PlaylistViewController.swift */; };
		97A418AA27AFC7F00012CD3D /* PlaylistInteractorProtocols.swift in Sources */ = {isa = PBXBuildFile; fileRef = 97A418A227AFC7F00012CD3D /* PlaylistInteractorProtocols.swift */; };
		97A418AB27AFC7F00012CD3D /* PlaylistInteractor.swift in Sources */ = {isa = PBXBuildFile; fileRef = 97A418A327AFC7F00012CD3D /* PlaylistInteractor.swift */; };
		97A418AE27B028FD0012CD3D /* ToastView.swift in Sources */ = {isa = PBXBuildFile; fileRef = 97A418AD27B028FD0012CD3D /* ToastView.swift */; };
		97A418B527B0554B0012CD3D /* EditPlaylistViewController.storyboard in Resources */ = {isa = PBXBuildFile; fileRef = 97A418B427B0554B0012CD3D /* EditPlaylistViewController.storyboard */; };
		97A418B727B0556C0012CD3D /* EditPlaylistViewController.swift in Sources */ = {isa = PBXBuildFile; fileRef = 97A418B627B0556C0012CD3D /* EditPlaylistViewController.swift */; };
		97A418B927B05AF60012CD3D /* EditPlaylistPresenter.swift in Sources */ = {isa = PBXBuildFile; fileRef = 97A418B827B05AF60012CD3D /* EditPlaylistPresenter.swift */; };
		97A418BB27B05B0E0012CD3D /* EditPlaylistPresenterProtocols.swift in Sources */ = {isa = PBXBuildFile; fileRef = 97A418BA27B05B0E0012CD3D /* EditPlaylistPresenterProtocols.swift */; };
		97A418BD27B05B250012CD3D /* EditPlaylistInteractor.swift in Sources */ = {isa = PBXBuildFile; fileRef = 97A418BC27B05B250012CD3D /* EditPlaylistInteractor.swift */; };
		97A418BF27B05B380012CD3D /* EditPlaylistInteractorProtocols.swift in Sources */ = {isa = PBXBuildFile; fileRef = 97A418BE27B05B380012CD3D /* EditPlaylistInteractorProtocols.swift */; };
		97A418C127B05B480012CD3D /* EditPlaylistModuleAssembly.swift in Sources */ = {isa = PBXBuildFile; fileRef = 97A418C027B05B480012CD3D /* EditPlaylistModuleAssembly.swift */; };
		97DA15D427B6806900DE2D7D /* ListOfArtistsViewController.swift in Sources */ = {isa = PBXBuildFile; fileRef = 97DA15D327B6806900DE2D7D /* ListOfArtistsViewController.swift */; };
		97DA15D627B6807300DE2D7D /* ListOfArtistsViewController.storyboard in Resources */ = {isa = PBXBuildFile; fileRef = 97DA15D527B6807300DE2D7D /* ListOfArtistsViewController.storyboard */; };
		97DA15D927B680CB00DE2D7D /* ListOfArtistsPresenter.swift in Sources */ = {isa = PBXBuildFile; fileRef = 97DA15D827B680CB00DE2D7D /* ListOfArtistsPresenter.swift */; };
		97DA15DB27B6A19000DE2D7D /* ListOfArtistsPresenterProtocols.swift in Sources */ = {isa = PBXBuildFile; fileRef = 97DA15DA27B6A19000DE2D7D /* ListOfArtistsPresenterProtocols.swift */; };
		97DA15DD27B6A1E700DE2D7D /* ListOfArtistsIneractor.swift in Sources */ = {isa = PBXBuildFile; fileRef = 97DA15DC27B6A1E700DE2D7D /* ListOfArtistsIneractor.swift */; };
		97DA15DF27B6A1FA00DE2D7D /* ListOfArtistsIneractorProtocols.swift in Sources */ = {isa = PBXBuildFile; fileRef = 97DA15DE27B6A1FA00DE2D7D /* ListOfArtistsIneractorProtocols.swift */; };
		97DA15E127B6A21400DE2D7D /* ListOfArtistsModuleAssembly.swift in Sources */ = {isa = PBXBuildFile; fileRef = 97DA15E027B6A21400DE2D7D /* ListOfArtistsModuleAssembly.swift */; };
		97DA15E327B6B9B000DE2D7D /* Artist.swift in Sources */ = {isa = PBXBuildFile; fileRef = 97DA15E227B6B9B000DE2D7D /* Artist.swift */; };
		97DA15E527B6BC0000DE2D7D /* Album.swift in Sources */ = {isa = PBXBuildFile; fileRef = 97DA15E427B6BC0000DE2D7D /* Album.swift */; };
		97DA15E727B6BC6900DE2D7D /* Track.swift in Sources */ = {isa = PBXBuildFile; fileRef = 97DA15E627B6BC6900DE2D7D /* Track.swift */; };
		97DA15E927B6BC8B00DE2D7D /* ExternalUrls.swift in Sources */ = {isa = PBXBuildFile; fileRef = 97DA15E827B6BC8B00DE2D7D /* ExternalUrls.swift */; };
		97DA15EB27B6BCCF00DE2D7D /* Owner.swift in Sources */ = {isa = PBXBuildFile; fileRef = 97DA15EA27B6BCCF00DE2D7D /* Owner.swift */; };
		97DA15ED27B6BCE700DE2D7D /* Image.swift in Sources */ = {isa = PBXBuildFile; fileRef = 97DA15EC27B6BCE700DE2D7D /* Image.swift */; };
		97DA15EF27B6C00D00DE2D7D /* ListOfArtists.swift in Sources */ = {isa = PBXBuildFile; fileRef = 97DA15EE27B6C00D00DE2D7D /* ListOfArtists.swift */; };
/* End PBXBuildFile section */

/* Begin PBXFileReference section */
		669F0455D3E6D8269E6D2FF2 /* Pods-SpotifyPreviewApp.debug.xcconfig */ = {isa = PBXFileReference; includeInIndex = 1; lastKnownFileType = text.xcconfig; name = "Pods-SpotifyPreviewApp.debug.xcconfig"; path = "Target Support Files/Pods-SpotifyPreviewApp/Pods-SpotifyPreviewApp.debug.xcconfig"; sourceTree = "<group>"; };
		6B06FDCE27AD259B000E66CE /* ListOfPlaylistsAssembly.swift */ = {isa = PBXFileReference; fileEncoding = 4; lastKnownFileType = sourcecode.swift; path = ListOfPlaylistsAssembly.swift; sourceTree = "<group>"; };
		6B06FDD027AD259B000E66CE /* ListOfPlaylistsPresenterProtocols.swift */ = {isa = PBXFileReference; fileEncoding = 4; lastKnownFileType = sourcecode.swift; path = ListOfPlaylistsPresenterProtocols.swift; sourceTree = "<group>"; };
		6B06FDD127AD259B000E66CE /* ListOfPlaylistsPresenter.swift */ = {isa = PBXFileReference; fileEncoding = 4; lastKnownFileType = sourcecode.swift; path = ListOfPlaylistsPresenter.swift; sourceTree = "<group>"; };
		6B06FDD427AD259B000E66CE /* ListOfPlaylistsViewController.swift */ = {isa = PBXFileReference; fileEncoding = 4; lastKnownFileType = sourcecode.swift; path = ListOfPlaylistsViewController.swift; sourceTree = "<group>"; };
		6B06FDD527AD259B000E66CE /* ListOfPlaylistsViewController.storyboard */ = {isa = PBXFileReference; fileEncoding = 4; lastKnownFileType = file.storyboard; path = ListOfPlaylistsViewController.storyboard; sourceTree = "<group>"; };
		6B06FDD727AD259B000E66CE /* ListOfPlaylistsInteractorProtocols.swift */ = {isa = PBXFileReference; fileEncoding = 4; lastKnownFileType = sourcecode.swift; path = ListOfPlaylistsInteractorProtocols.swift; sourceTree = "<group>"; };
		6B06FDD827AD259B000E66CE /* ListOfPlaylistsInteractor.swift */ = {isa = PBXFileReference; fileEncoding = 4; lastKnownFileType = sourcecode.swift; path = ListOfPlaylistsInteractor.swift; sourceTree = "<group>"; };
		6B1060B027A922A800EB98A7 /* TabBarCoordinator.swift */ = {isa = PBXFileReference; lastKnownFileType = sourcecode.swift; path = TabBarCoordinator.swift; sourceTree = "<group>"; };
		6B1060B327A9259C00EB98A7 /* SearchCoordinator.swift */ = {isa = PBXFileReference; lastKnownFileType = sourcecode.swift; path = SearchCoordinator.swift; sourceTree = "<group>"; };
		6B1060B727A927C900EB98A7 /* CategoriesAssembly.swift */ = {isa = PBXFileReference; fileEncoding = 4; lastKnownFileType = sourcecode.swift; path = CategoriesAssembly.swift; sourceTree = "<group>"; };
		6B1060B927A927C900EB98A7 /* CategoriesPresenter.swift */ = {isa = PBXFileReference; fileEncoding = 4; lastKnownFileType = sourcecode.swift; path = CategoriesPresenter.swift; sourceTree = "<group>"; };
		6B1060BA27A927C900EB98A7 /* CategoriesPresenterProtocols.swift */ = {isa = PBXFileReference; fileEncoding = 4; lastKnownFileType = sourcecode.swift; path = CategoriesPresenterProtocols.swift; sourceTree = "<group>"; };
		6B1060BD27A927C900EB98A7 /* CategoriesCollectionViewDataSource.swift */ = {isa = PBXFileReference; fileEncoding = 4; lastKnownFileType = sourcecode.swift; path = CategoriesCollectionViewDataSource.swift; sourceTree = "<group>"; };
		6B1060BF27A927C900EB98A7 /* CollectionViewCell.swift */ = {isa = PBXFileReference; fileEncoding = 4; lastKnownFileType = sourcecode.swift; path = CollectionViewCell.swift; sourceTree = "<group>"; };
		6B1060C027A927C900EB98A7 /* CollectionViewCell.xib */ = {isa = PBXFileReference; fileEncoding = 4; lastKnownFileType = file.xib; path = CollectionViewCell.xib; sourceTree = "<group>"; };
		6B1060C127A927C900EB98A7 /* CategoriesViewController.swift */ = {isa = PBXFileReference; fileEncoding = 4; lastKnownFileType = sourcecode.swift; path = CategoriesViewController.swift; sourceTree = "<group>"; };
		6B1060C227A927C900EB98A7 /* CategoriesViewController.storyboard */ = {isa = PBXFileReference; fileEncoding = 4; lastKnownFileType = file.storyboard; path = CategoriesViewController.storyboard; sourceTree = "<group>"; };
		6B1060C427A927C900EB98A7 /* CategoriesInteractorProtocols.swift */ = {isa = PBXFileReference; fileEncoding = 4; lastKnownFileType = sourcecode.swift; path = CategoriesInteractorProtocols.swift; sourceTree = "<group>"; };
		6B1060C527A927C900EB98A7 /* CategoriesInteractor.swift */ = {isa = PBXFileReference; fileEncoding = 4; lastKnownFileType = sourcecode.swift; path = CategoriesInteractor.swift; sourceTree = "<group>"; };
		6B1060D727A9281F00EB98A7 /* SearchAssembly.swift */ = {isa = PBXFileReference; fileEncoding = 4; lastKnownFileType = sourcecode.swift; path = SearchAssembly.swift; sourceTree = "<group>"; };
		6B1060D927A9281F00EB98A7 /* SearchPresenterProtocols.swift */ = {isa = PBXFileReference; fileEncoding = 4; lastKnownFileType = sourcecode.swift; path = SearchPresenterProtocols.swift; sourceTree = "<group>"; };
		6B1060DA27A9281F00EB98A7 /* SearchPresenter.swift */ = {isa = PBXFileReference; fileEncoding = 4; lastKnownFileType = sourcecode.swift; path = SearchPresenter.swift; sourceTree = "<group>"; };
		6B1060DE27A9281F00EB98A7 /* SearchViewController.swift */ = {isa = PBXFileReference; fileEncoding = 4; lastKnownFileType = sourcecode.swift; path = SearchViewController.swift; sourceTree = "<group>"; };
		6B1060DF27A9281F00EB98A7 /* SearchViewController.storyboard */ = {isa = PBXFileReference; fileEncoding = 4; lastKnownFileType = file.storyboard; path = SearchViewController.storyboard; sourceTree = "<group>"; };
		6B1060E127A9281F00EB98A7 /* TrackTableViewCell.xib */ = {isa = PBXFileReference; fileEncoding = 4; lastKnownFileType = file.xib; path = TrackTableViewCell.xib; sourceTree = "<group>"; };
		6B1060E227A9281F00EB98A7 /* TrackTableViewCell.swift */ = {isa = PBXFileReference; fileEncoding = 4; lastKnownFileType = sourcecode.swift; path = TrackTableViewCell.swift; sourceTree = "<group>"; };
		6B1060E427A9281F00EB98A7 /* SearchInteractorProtocol.swift */ = {isa = PBXFileReference; fileEncoding = 4; lastKnownFileType = sourcecode.swift; path = SearchInteractorProtocol.swift; sourceTree = "<group>"; };
		6B1060E527A9281F00EB98A7 /* SearchInteractor.swift */ = {isa = PBXFileReference; fileEncoding = 4; lastKnownFileType = sourcecode.swift; path = SearchInteractor.swift; sourceTree = "<group>"; };
		6B1060F127A929BA00EB98A7 /* Network.swift */ = {isa = PBXFileReference; fileEncoding = 4; lastKnownFileType = sourcecode.swift; path = Network.swift; sourceTree = "<group>"; };
		6B1060F327A929D200EB98A7 /* NetworkServiceProtocol.swift */ = {isa = PBXFileReference; lastKnownFileType = sourcecode.swift; path = NetworkServiceProtocol.swift; sourceTree = "<group>"; };
		6B1060F727A938B200EB98A7 /* ListOfSearchedTracks.swift */ = {isa = PBXFileReference; fileEncoding = 4; lastKnownFileType = sourcecode.swift; path = ListOfSearchedTracks.swift; sourceTree = "<group>"; };
		6B1060F827A938B200EB98A7 /* Categories.swift */ = {isa = PBXFileReference; fileEncoding = 4; lastKnownFileType = sourcecode.swift; path = Categories.swift; sourceTree = "<group>"; };
		6B1060FB27A938E200EB98A7 /* Playlist.swift */ = {isa = PBXFileReference; fileEncoding = 4; lastKnownFileType = sourcecode.swift; path = Playlist.swift; sourceTree = "<group>"; };
		6B1060FD27A9391400EB98A7 /* Playlists.swift */ = {isa = PBXFileReference; fileEncoding = 4; lastKnownFileType = sourcecode.swift; path = Playlists.swift; sourceTree = "<group>"; };
		6B10610027A9393F00EB98A7 /* CacheImageStorage.swift */ = {isa = PBXFileReference; fileEncoding = 4; lastKnownFileType = sourcecode.swift; path = CacheImageStorage.swift; sourceTree = "<group>"; };
		6B10610227A939D400EB98A7 /* CellExtention.swift */ = {isa = PBXFileReference; fileEncoding = 4; lastKnownFileType = sourcecode.swift; path = CellExtention.swift; sourceTree = "<group>"; };
		6B10610327A939D500EB98A7 /* CollectionViewExtention.swift */ = {isa = PBXFileReference; fileEncoding = 4; lastKnownFileType = sourcecode.swift; path = CollectionViewExtention.swift; sourceTree = "<group>"; };
		6B10610427A939D500EB98A7 /* ImageViewExtention.swift */ = {isa = PBXFileReference; fileEncoding = 4; lastKnownFileType = sourcecode.swift; path = ImageViewExtention.swift; sourceTree = "<group>"; };
		6B10610827A93A0900EB98A7 /* TableViewHeaderFooterViewExtention.swift */ = {isa = PBXFileReference; fileEncoding = 4; lastKnownFileType = sourcecode.swift; path = TableViewHeaderFooterViewExtention.swift; sourceTree = "<group>"; };
		6B10610927A93A0900EB98A7 /* TableViewExtention.swift */ = {isa = PBXFileReference; fileEncoding = 4; lastKnownFileType = sourcecode.swift; path = TableViewExtention.swift; sourceTree = "<group>"; };
		6B16637227BBF33B00577712 /* URLBuilder.swift */ = {isa = PBXFileReference; lastKnownFileType = sourcecode.swift; path = URLBuilder.swift; sourceTree = "<group>"; };
		6B16637427BBF44C00577712 /* URLBuilderProtocol.swift */ = {isa = PBXFileReference; lastKnownFileType = sourcecode.swift; path = URLBuilderProtocol.swift; sourceTree = "<group>"; };
		6B3934BE27A8388D00B9C742 /* TabBarController.swift */ = {isa = PBXFileReference; lastKnownFileType = sourcecode.swift; path = TabBarController.swift; sourceTree = "<group>"; };
		6B3934C327A83B8A00B9C742 /* TabBarItem.swift */ = {isa = PBXFileReference; lastKnownFileType = sourcecode.swift; path = TabBarItem.swift; sourceTree = "<group>"; };
		6B811C1A27AD2CC50000EB93 /* PlaylistsCoordinator.swift */ = {isa = PBXFileReference; lastKnownFileType = sourcecode.swift; path = PlaylistsCoordinator.swift; sourceTree = "<group>"; };
		6B9ABFBD27AAD03800F9F9F3 /* TableViewCell.swift */ = {isa = PBXFileReference; fileEncoding = 4; lastKnownFileType = sourcecode.swift; path = TableViewCell.swift; sourceTree = "<group>"; };
		6B9ABFBE27AAD03800F9F9F3 /* TableViewCell.xib */ = {isa = PBXFileReference; fileEncoding = 4; lastKnownFileType = file.xib; path = TableViewCell.xib; sourceTree = "<group>"; };
		6B9ABFD727AAD47F00F9F9F3 /* ProfileAssembly.swift */ = {isa = PBXFileReference; fileEncoding = 4; lastKnownFileType = sourcecode.swift; path = ProfileAssembly.swift; sourceTree = "<group>"; };
		6B9ABFD927AAD47F00F9F9F3 /* ProfilePresenter.swift */ = {isa = PBXFileReference; fileEncoding = 4; lastKnownFileType = sourcecode.swift; path = ProfilePresenter.swift; sourceTree = "<group>"; };
		6B9ABFDA27AAD47F00F9F9F3 /* ProfilePresenterProtocols.swift */ = {isa = PBXFileReference; fileEncoding = 4; lastKnownFileType = sourcecode.swift; path = ProfilePresenterProtocols.swift; sourceTree = "<group>"; };
		6B9ABFDD27AAD47F00F9F9F3 /* TableViewDataSource.swift */ = {isa = PBXFileReference; fileEncoding = 4; lastKnownFileType = sourcecode.swift; path = TableViewDataSource.swift; sourceTree = "<group>"; };
		6B9ABFDF27AAD47F00F9F9F3 /* ProfileViewController.swift */ = {isa = PBXFileReference; fileEncoding = 4; lastKnownFileType = sourcecode.swift; path = ProfileViewController.swift; sourceTree = "<group>"; };
		6B9ABFE427AAD47F00F9F9F3 /* ProfileInteractorProtocols.swift */ = {isa = PBXFileReference; fileEncoding = 4; lastKnownFileType = sourcecode.swift; path = ProfileInteractorProtocols.swift; sourceTree = "<group>"; };
		6B9ABFE527AAD47F00F9F9F3 /* ProfileInteractor.swift */ = {isa = PBXFileReference; fileEncoding = 4; lastKnownFileType = sourcecode.swift; path = ProfileInteractor.swift; sourceTree = "<group>"; };
		6B9ABFF627AADB6900F9F9F3 /* TrackTableViewDataSource.swift */ = {isa = PBXFileReference; fileEncoding = 4; lastKnownFileType = sourcecode.swift; path = TrackTableViewDataSource.swift; sourceTree = "<group>"; };
		6B9ABFFC27AADCEF00F9F9F3 /* User.swift */ = {isa = PBXFileReference; lastKnownFileType = sourcecode.swift; path = User.swift; sourceTree = "<group>"; };
		6B9ABFFF27AAE30400F9F9F3 /* ProfileViewController.storyboard */ = {isa = PBXFileReference; fileEncoding = 4; lastKnownFileType = file.storyboard; path = ProfileViewController.storyboard; sourceTree = "<group>"; };
		6B9AC00127AAEDAD00F9F9F3 /* ProfileCoordinator.swift */ = {isa = PBXFileReference; lastKnownFileType = sourcecode.swift; path = ProfileCoordinator.swift; sourceTree = "<group>"; };
		6BBCB8FA27BA54F700FC2A34 /* ArtistModuleAssembly.swift */ = {isa = PBXFileReference; fileEncoding = 4; lastKnownFileType = sourcecode.swift; path = ArtistModuleAssembly.swift; sourceTree = "<group>"; };
		6BBCB8FC27BA54F700FC2A34 /* ArtistPresenter.swift */ = {isa = PBXFileReference; fileEncoding = 4; lastKnownFileType = sourcecode.swift; path = ArtistPresenter.swift; sourceTree = "<group>"; };
		6BBCB8FD27BA54F700FC2A34 /* ArtistPresenterProtocols.swift */ = {isa = PBXFileReference; fileEncoding = 4; lastKnownFileType = sourcecode.swift; path = ArtistPresenterProtocols.swift; sourceTree = "<group>"; };
		6BBCB90227BA54F700FC2A34 /* ArtistTableViewDataSource.swift */ = {isa = PBXFileReference; fileEncoding = 4; lastKnownFileType = sourcecode.swift; path = ArtistTableViewDataSource.swift; sourceTree = "<group>"; };
		6BBCB90327BA54F700FC2A34 /* ArtistViewController.storyboard */ = {isa = PBXFileReference; fileEncoding = 4; lastKnownFileType = file.storyboard; path = ArtistViewController.storyboard; sourceTree = "<group>"; };
		6BBCB90A27BA54F700FC2A34 /* ArtistViewController.swift */ = {isa = PBXFileReference; fileEncoding = 4; lastKnownFileType = sourcecode.swift; path = ArtistViewController.swift; sourceTree = "<group>"; };
		6BBCB90C27BA54F700FC2A34 /* ArtistInteractor.swift */ = {isa = PBXFileReference; fileEncoding = 4; lastKnownFileType = sourcecode.swift; path = ArtistInteractor.swift; sourceTree = "<group>"; };
		6BBCB90D27BA54F700FC2A34 /* ArtistInteractorProtocols.swift */ = {isa = PBXFileReference; fileEncoding = 4; lastKnownFileType = sourcecode.swift; path = ArtistInteractorProtocols.swift; sourceTree = "<group>"; };
		6BBCB91F27BA75D100FC2A34 /* ArtistCoordinator.swift */ = {isa = PBXFileReference; lastKnownFileType = sourcecode.swift; path = ArtistCoordinator.swift; sourceTree = "<group>"; };
		9729FB2B2793758D00AFD1A0 /* SpotifyPreviewApp.app */ = {isa = PBXFileReference; explicitFileType = wrapper.application; includeInIndex = 0; path = SpotifyPreviewApp.app; sourceTree = BUILT_PRODUCTS_DIR; };
		9729FB2E2793758D00AFD1A0 /* AppDelegate.swift */ = {isa = PBXFileReference; lastKnownFileType = sourcecode.swift; path = AppDelegate.swift; sourceTree = "<group>"; };
		9729FB322793758D00AFD1A0 /* AuthorizationViewController.swift */ = {isa = PBXFileReference; lastKnownFileType = sourcecode.swift; path = AuthorizationViewController.swift; sourceTree = "<group>"; };
		9729FB352793758D00AFD1A0 /* Base */ = {isa = PBXFileReference; lastKnownFileType = file.storyboard; name = Base; path = Base.lproj/AuthorizationViewController.storyboard; sourceTree = "<group>"; };
		9729FB372793758E00AFD1A0 /* Assets.xcassets */ = {isa = PBXFileReference; lastKnownFileType = folder.assetcatalog; path = Assets.xcassets; sourceTree = "<group>"; };
		9729FB3A2793758E00AFD1A0 /* Base */ = {isa = PBXFileReference; lastKnownFileType = file.storyboard; name = Base; path = Base.lproj/LaunchScreen.storyboard; sourceTree = "<group>"; };
		9729FB3C2793758E00AFD1A0 /* Info.plist */ = {isa = PBXFileReference; lastKnownFileType = text.plist.xml; path = Info.plist; sourceTree = "<group>"; };
		972F27C1279428850000BE72 /* ApplicationCoordinator.swift */ = {isa = PBXFileReference; fileEncoding = 4; lastKnownFileType = sourcecode.swift; path = ApplicationCoordinator.swift; sourceTree = "<group>"; };
		972F27C4279428E00000BE72 /* BaseCoordinator.swift */ = {isa = PBXFileReference; fileEncoding = 4; lastKnownFileType = sourcecode.swift; path = BaseCoordinator.swift; sourceTree = "<group>"; };
		972F27C5279428E00000BE72 /* Coordinator.swift */ = {isa = PBXFileReference; fileEncoding = 4; lastKnownFileType = sourcecode.swift; path = Coordinator.swift; sourceTree = "<group>"; };
		972F27C9279429510000BE72 /* Router.swift */ = {isa = PBXFileReference; fileEncoding = 4; lastKnownFileType = sourcecode.swift; path = Router.swift; sourceTree = "<group>"; };
		972F27CA279429510000BE72 /* RouterProtocol.swift */ = {isa = PBXFileReference; fileEncoding = 4; lastKnownFileType = sourcecode.swift; path = RouterProtocol.swift; sourceTree = "<group>"; };
		972F27CD27942AAF0000BE72 /* Presentable.swift */ = {isa = PBXFileReference; lastKnownFileType = sourcecode.swift; path = Presentable.swift; sourceTree = "<group>"; };
		972F27CF27942B3F0000BE72 /* UIViewController.swift */ = {isa = PBXFileReference; fileEncoding = 4; lastKnownFileType = sourcecode.swift; path = UIViewController.swift; sourceTree = "<group>"; };
		972F27D027942B3F0000BE72 /* StoryboardInstantiable.swift */ = {isa = PBXFileReference; fileEncoding = 4; lastKnownFileType = sourcecode.swift; path = StoryboardInstantiable.swift; sourceTree = "<group>"; };
		972F27DA279430410000BE72 /* AuthorizationService.swift */ = {isa = PBXFileReference; lastKnownFileType = sourcecode.swift; path = AuthorizationService.swift; sourceTree = "<group>"; };
		972F27DD2794309E0000BE72 /* URLPath.swift */ = {isa = PBXFileReference; lastKnownFileType = sourcecode.swift; path = URLPath.swift; sourceTree = "<group>"; };
		972F27DF279437B10000BE72 /* AuthorizationPresenterProtocols.swift */ = {isa = PBXFileReference; lastKnownFileType = sourcecode.swift; path = AuthorizationPresenterProtocols.swift; sourceTree = "<group>"; };
		972F27E1279437F20000BE72 /* AuthorizationPresenter.swift */ = {isa = PBXFileReference; lastKnownFileType = sourcecode.swift; path = AuthorizationPresenter.swift; sourceTree = "<group>"; };
		972F27E3279439A50000BE72 /* AuthorizationInteractorProtocols.swift */ = {isa = PBXFileReference; lastKnownFileType = sourcecode.swift; path = AuthorizationInteractorProtocols.swift; sourceTree = "<group>"; };
		972F27E5279439CB0000BE72 /* AuthorizationInteractor.swift */ = {isa = PBXFileReference; lastKnownFileType = sourcecode.swift; path = AuthorizationInteractor.swift; sourceTree = "<group>"; };
		972F27E827943AAC0000BE72 /* KeychainServiceProtocol.swift */ = {isa = PBXFileReference; lastKnownFileType = sourcecode.swift; path = KeychainServiceProtocol.swift; sourceTree = "<group>"; };
		972F27EA27943AB50000BE72 /* KeychainService.swift */ = {isa = PBXFileReference; lastKnownFileType = sourcecode.swift; path = KeychainService.swift; sourceTree = "<group>"; };
		972F27EC27943AC90000BE72 /* AuthorizationServiceProtocol.swift */ = {isa = PBXFileReference; lastKnownFileType = sourcecode.swift; path = AuthorizationServiceProtocol.swift; sourceTree = "<group>"; };
		972F27F027943D050000BE72 /* Token.swift */ = {isa = PBXFileReference; lastKnownFileType = sourcecode.swift; path = Token.swift; sourceTree = "<group>"; };
		972F27F4279440FE0000BE72 /* AuthorizationCoordinator.swift */ = {isa = PBXFileReference; fileEncoding = 4; lastKnownFileType = sourcecode.swift; path = AuthorizationCoordinator.swift; sourceTree = "<group>"; };
		972F27F6279445E60000BE72 /* AuthorizationModuleAssembly.swift */ = {isa = PBXFileReference; lastKnownFileType = sourcecode.swift; path = AuthorizationModuleAssembly.swift; sourceTree = "<group>"; };
		972F27F927947FC50000BE72 /* AuthorizationData.swift */ = {isa = PBXFileReference; lastKnownFileType = sourcecode.swift; path = AuthorizationData.swift; sourceTree = "<group>"; };
		972F2801279488110000BE72 /* FlowFactory.swift */ = {isa = PBXFileReference; lastKnownFileType = sourcecode.swift; path = FlowFactory.swift; sourceTree = "<group>"; };
		972F2803279488490000BE72 /* FlowFactoryProtocols.swift */ = {isa = PBXFileReference; lastKnownFileType = sourcecode.swift; path = FlowFactoryProtocols.swift; sourceTree = "<group>"; };
		972F2806279491910000BE72 /* CoordinatorFactory.swift */ = {isa = PBXFileReference; lastKnownFileType = sourcecode.swift; path = CoordinatorFactory.swift; sourceTree = "<group>"; };
		972F2808279491BF0000BE72 /* CoordinatorFactoryProtocol.swift */ = {isa = PBXFileReference; lastKnownFileType = sourcecode.swift; path = CoordinatorFactoryProtocol.swift; sourceTree = "<group>"; };
		972F280B27949A830000BE72 /* ServiceManager.swift */ = {isa = PBXFileReference; lastKnownFileType = sourcecode.swift; path = ServiceManager.swift; sourceTree = "<group>"; };
		9766CC0F27ADD16200426D8F /* NewPlaylist.swift */ = {isa = PBXFileReference; lastKnownFileType = sourcecode.swift; path = NewPlaylist.swift; sourceTree = "<group>"; };
		97A4189827AFC7F00012CD3D /* PlaylistModuleAssembly.swift */ = {isa = PBXFileReference; fileEncoding = 4; lastKnownFileType = sourcecode.swift; path = PlaylistModuleAssembly.swift; sourceTree = "<group>"; };
		97A4189A27AFC7F00012CD3D /* PlaylistPresenter.swift */ = {isa = PBXFileReference; fileEncoding = 4; lastKnownFileType = sourcecode.swift; path = PlaylistPresenter.swift; sourceTree = "<group>"; };
		97A4189B27AFC7F00012CD3D /* PlaylistPresenterProtocols.swift */ = {isa = PBXFileReference; fileEncoding = 4; lastKnownFileType = sourcecode.swift; path = PlaylistPresenterProtocols.swift; sourceTree = "<group>"; };
		97A4189D27AFC7F00012CD3D /* PlaylistViewController.storyboard */ = {isa = PBXFileReference; fileEncoding = 4; lastKnownFileType = file.storyboard; path = PlaylistViewController.storyboard; sourceTree = "<group>"; };
		97A418A027AFC7F00012CD3D /* PlaylistViewController.swift */ = {isa = PBXFileReference; fileEncoding = 4; lastKnownFileType = sourcecode.swift; path = PlaylistViewController.swift; sourceTree = "<group>"; };
		97A418A227AFC7F00012CD3D /* PlaylistInteractorProtocols.swift */ = {isa = PBXFileReference; fileEncoding = 4; lastKnownFileType = sourcecode.swift; path = PlaylistInteractorProtocols.swift; sourceTree = "<group>"; };
		97A418A327AFC7F00012CD3D /* PlaylistInteractor.swift */ = {isa = PBXFileReference; fileEncoding = 4; lastKnownFileType = sourcecode.swift; path = PlaylistInteractor.swift; sourceTree = "<group>"; };
		97A418AD27B028FD0012CD3D /* ToastView.swift */ = {isa = PBXFileReference; lastKnownFileType = sourcecode.swift; path = ToastView.swift; sourceTree = "<group>"; };
		97A418B427B0554B0012CD3D /* EditPlaylistViewController.storyboard */ = {isa = PBXFileReference; lastKnownFileType = file.storyboard; path = EditPlaylistViewController.storyboard; sourceTree = "<group>"; };
		97A418B627B0556C0012CD3D /* EditPlaylistViewController.swift */ = {isa = PBXFileReference; lastKnownFileType = sourcecode.swift; path = EditPlaylistViewController.swift; sourceTree = "<group>"; };
		97A418B827B05AF60012CD3D /* EditPlaylistPresenter.swift */ = {isa = PBXFileReference; lastKnownFileType = sourcecode.swift; path = EditPlaylistPresenter.swift; sourceTree = "<group>"; };
		97A418BA27B05B0E0012CD3D /* EditPlaylistPresenterProtocols.swift */ = {isa = PBXFileReference; lastKnownFileType = sourcecode.swift; path = EditPlaylistPresenterProtocols.swift; sourceTree = "<group>"; };
		97A418BC27B05B250012CD3D /* EditPlaylistInteractor.swift */ = {isa = PBXFileReference; lastKnownFileType = sourcecode.swift; path = EditPlaylistInteractor.swift; sourceTree = "<group>"; };
		97A418BE27B05B380012CD3D /* EditPlaylistInteractorProtocols.swift */ = {isa = PBXFileReference; lastKnownFileType = sourcecode.swift; path = EditPlaylistInteractorProtocols.swift; sourceTree = "<group>"; };
		97A418C027B05B480012CD3D /* EditPlaylistModuleAssembly.swift */ = {isa = PBXFileReference; lastKnownFileType = sourcecode.swift; path = EditPlaylistModuleAssembly.swift; sourceTree = "<group>"; };
		97DA15D327B6806900DE2D7D /* ListOfArtistsViewController.swift */ = {isa = PBXFileReference; lastKnownFileType = sourcecode.swift; path = ListOfArtistsViewController.swift; sourceTree = "<group>"; };
		97DA15D527B6807300DE2D7D /* ListOfArtistsViewController.storyboard */ = {isa = PBXFileReference; lastKnownFileType = file.storyboard; path = ListOfArtistsViewController.storyboard; sourceTree = "<group>"; };
		97DA15D827B680CB00DE2D7D /* ListOfArtistsPresenter.swift */ = {isa = PBXFileReference; lastKnownFileType = sourcecode.swift; path = ListOfArtistsPresenter.swift; sourceTree = "<group>"; };
		97DA15DA27B6A19000DE2D7D /* ListOfArtistsPresenterProtocols.swift */ = {isa = PBXFileReference; lastKnownFileType = sourcecode.swift; path = ListOfArtistsPresenterProtocols.swift; sourceTree = "<group>"; };
		97DA15DC27B6A1E700DE2D7D /* ListOfArtistsIneractor.swift */ = {isa = PBXFileReference; lastKnownFileType = sourcecode.swift; path = ListOfArtistsIneractor.swift; sourceTree = "<group>"; };
		97DA15DE27B6A1FA00DE2D7D /* ListOfArtistsIneractorProtocols.swift */ = {isa = PBXFileReference; lastKnownFileType = sourcecode.swift; path = ListOfArtistsIneractorProtocols.swift; sourceTree = "<group>"; };
		97DA15E027B6A21400DE2D7D /* ListOfArtistsModuleAssembly.swift */ = {isa = PBXFileReference; lastKnownFileType = sourcecode.swift; path = ListOfArtistsModuleAssembly.swift; sourceTree = "<group>"; };
		97DA15E227B6B9B000DE2D7D /* Artist.swift */ = {isa = PBXFileReference; lastKnownFileType = sourcecode.swift; path = Artist.swift; sourceTree = "<group>"; };
		97DA15E427B6BC0000DE2D7D /* Album.swift */ = {isa = PBXFileReference; lastKnownFileType = sourcecode.swift; path = Album.swift; sourceTree = "<group>"; };
		97DA15E627B6BC6900DE2D7D /* Track.swift */ = {isa = PBXFileReference; lastKnownFileType = sourcecode.swift; path = Track.swift; sourceTree = "<group>"; };
		97DA15E827B6BC8B00DE2D7D /* ExternalUrls.swift */ = {isa = PBXFileReference; lastKnownFileType = sourcecode.swift; path = ExternalUrls.swift; sourceTree = "<group>"; };
		97DA15EA27B6BCCF00DE2D7D /* Owner.swift */ = {isa = PBXFileReference; lastKnownFileType = sourcecode.swift; path = Owner.swift; sourceTree = "<group>"; };
		97DA15EC27B6BCE700DE2D7D /* Image.swift */ = {isa = PBXFileReference; lastKnownFileType = sourcecode.swift; path = Image.swift; sourceTree = "<group>"; };
		97DA15EE27B6C00D00DE2D7D /* ListOfArtists.swift */ = {isa = PBXFileReference; lastKnownFileType = sourcecode.swift; path = ListOfArtists.swift; sourceTree = "<group>"; };
		A0715AA1035BF7F63B94F484 /* Pods_SpotifyPreviewApp.framework */ = {isa = PBXFileReference; explicitFileType = wrapper.framework; includeInIndex = 0; path = Pods_SpotifyPreviewApp.framework; sourceTree = BUILT_PRODUCTS_DIR; };
		A8ED3FA0394E64847E6B604A /* Pods-SpotifyPreviewApp.release.xcconfig */ = {isa = PBXFileReference; includeInIndex = 1; lastKnownFileType = text.xcconfig; name = "Pods-SpotifyPreviewApp.release.xcconfig"; path = "Target Support Files/Pods-SpotifyPreviewApp/Pods-SpotifyPreviewApp.release.xcconfig"; sourceTree = "<group>"; };
/* End PBXFileReference section */

/* Begin PBXFrameworksBuildPhase section */
		9729FB282793758D00AFD1A0 /* Frameworks */ = {
			isa = PBXFrameworksBuildPhase;
			buildActionMask = 2147483647;
			files = (
				7EDF7E95120A249D948EEB23 /* Pods_SpotifyPreviewApp.framework in Frameworks */,
			);
			runOnlyForDeploymentPostprocessing = 0;
		};
/* End PBXFrameworksBuildPhase section */

/* Begin PBXGroup section */
		3AE9673A7DD5E1EB176C7174 /* Pods */ = {
			isa = PBXGroup;
			children = (
				669F0455D3E6D8269E6D2FF2 /* Pods-SpotifyPreviewApp.debug.xcconfig */,
				A8ED3FA0394E64847E6B604A /* Pods-SpotifyPreviewApp.release.xcconfig */,
			);
			path = Pods;
			sourceTree = "<group>";
		};
		6B06FDCC27AD259B000E66CE /* ListOfPlaylists */ = {
			isa = PBXGroup;
			children = (
				6B06FDCD27AD259B000E66CE /* Assembly */,
				6B06FDD627AD259B000E66CE /* Interactor */,
				6B06FDCF27AD259B000E66CE /* Presenter */,
				6B06FDD227AD259B000E66CE /* View */,
			);
			path = ListOfPlaylists;
			sourceTree = "<group>";
		};
		6B06FDCD27AD259B000E66CE /* Assembly */ = {
			isa = PBXGroup;
			children = (
				6B06FDCE27AD259B000E66CE /* ListOfPlaylistsAssembly.swift */,
			);
			path = Assembly;
			sourceTree = "<group>";
		};
		6B06FDCF27AD259B000E66CE /* Presenter */ = {
			isa = PBXGroup;
			children = (
				6B06FDD027AD259B000E66CE /* ListOfPlaylistsPresenterProtocols.swift */,
				6B06FDD127AD259B000E66CE /* ListOfPlaylistsPresenter.swift */,
			);
			path = Presenter;
			sourceTree = "<group>";
		};
		6B06FDD227AD259B000E66CE /* View */ = {
			isa = PBXGroup;
			children = (
				6B06FDD427AD259B000E66CE /* ListOfPlaylistsViewController.swift */,
				6B06FDD527AD259B000E66CE /* ListOfPlaylistsViewController.storyboard */,
			);
			path = View;
			sourceTree = "<group>";
		};
		6B06FDD627AD259B000E66CE /* Interactor */ = {
			isa = PBXGroup;
			children = (
				6B06FDD727AD259B000E66CE /* ListOfPlaylistsInteractorProtocols.swift */,
				6B06FDD827AD259B000E66CE /* ListOfPlaylistsInteractor.swift */,
			);
			path = Interactor;
			sourceTree = "<group>";
		};
		6B1060B527A927C900EB98A7 /* Categories */ = {
			isa = PBXGroup;
			children = (
				6B1060B627A927C900EB98A7 /* Assembly */,
				6B1060C327A927C900EB98A7 /* Interactor */,
				6B1060B827A927C900EB98A7 /* Presenter */,
				6B1060BB27A927C900EB98A7 /* View */,
			);
			path = Categories;
			sourceTree = "<group>";
		};
		6B1060B627A927C900EB98A7 /* Assembly */ = {
			isa = PBXGroup;
			children = (
				6B1060B727A927C900EB98A7 /* CategoriesAssembly.swift */,
			);
			path = Assembly;
			sourceTree = "<group>";
		};
		6B1060B827A927C900EB98A7 /* Presenter */ = {
			isa = PBXGroup;
			children = (
				6B1060B927A927C900EB98A7 /* CategoriesPresenter.swift */,
				6B1060BA27A927C900EB98A7 /* CategoriesPresenterProtocols.swift */,
			);
			path = Presenter;
			sourceTree = "<group>";
		};
		6B1060BB27A927C900EB98A7 /* View */ = {
			isa = PBXGroup;
			children = (
				6B1060C127A927C900EB98A7 /* CategoriesViewController.swift */,
				6B1060C227A927C900EB98A7 /* CategoriesViewController.storyboard */,
			);
			path = View;
			sourceTree = "<group>";
		};
		6B1060BC27A927C900EB98A7 /* CollectionViewDataSource */ = {
			isa = PBXGroup;
			children = (
				6B1060BD27A927C900EB98A7 /* CategoriesCollectionViewDataSource.swift */,
			);
			path = CollectionViewDataSource;
			sourceTree = "<group>";
		};
		6B1060BE27A927C900EB98A7 /* CollectionTableViewCell */ = {
			isa = PBXGroup;
			children = (
				6B1060BF27A927C900EB98A7 /* CollectionViewCell.swift */,
				6B1060C027A927C900EB98A7 /* CollectionViewCell.xib */,
			);
			path = CollectionTableViewCell;
			sourceTree = "<group>";
		};
		6B1060C327A927C900EB98A7 /* Interactor */ = {
			isa = PBXGroup;
			children = (
				6B1060C427A927C900EB98A7 /* CategoriesInteractorProtocols.swift */,
				6B1060C527A927C900EB98A7 /* CategoriesInteractor.swift */,
			);
			path = Interactor;
			sourceTree = "<group>";
		};
		6B1060D527A9281F00EB98A7 /* Search */ = {
			isa = PBXGroup;
			children = (
				6B1060D627A9281F00EB98A7 /* Assembly */,
				6B1060E327A9281F00EB98A7 /* Interactor */,
				6B1060D827A9281F00EB98A7 /* Presenter */,
				6B1060DB27A9281F00EB98A7 /* View */,
			);
			path = Search;
			sourceTree = "<group>";
		};
		6B1060D627A9281F00EB98A7 /* Assembly */ = {
			isa = PBXGroup;
			children = (
				6B1060D727A9281F00EB98A7 /* SearchAssembly.swift */,
			);
			path = Assembly;
			sourceTree = "<group>";
		};
		6B1060D827A9281F00EB98A7 /* Presenter */ = {
			isa = PBXGroup;
			children = (
				6B1060D927A9281F00EB98A7 /* SearchPresenterProtocols.swift */,
				6B1060DA27A9281F00EB98A7 /* SearchPresenter.swift */,
			);
			path = Presenter;
			sourceTree = "<group>";
		};
		6B1060DB27A9281F00EB98A7 /* View */ = {
			isa = PBXGroup;
			children = (
				6B1060DE27A9281F00EB98A7 /* SearchViewController.swift */,
				6B1060DF27A9281F00EB98A7 /* SearchViewController.storyboard */,
			);
			path = View;
			sourceTree = "<group>";
		};
		6B1060E027A9281F00EB98A7 /* TrackTableViewCell */ = {
			isa = PBXGroup;
			children = (
				6B1060E127A9281F00EB98A7 /* TrackTableViewCell.xib */,
				6B1060E227A9281F00EB98A7 /* TrackTableViewCell.swift */,
			);
			path = TrackTableViewCell;
			sourceTree = "<group>";
		};
		6B1060E327A9281F00EB98A7 /* Interactor */ = {
			isa = PBXGroup;
			children = (
				6B1060E427A9281F00EB98A7 /* SearchInteractorProtocol.swift */,
				6B1060E527A9281F00EB98A7 /* SearchInteractor.swift */,
			);
			path = Interactor;
			sourceTree = "<group>";
		};
		6B1060F027A9299400EB98A7 /* Network */ = {
			isa = PBXGroup;
			children = (
				6B1060F127A929BA00EB98A7 /* Network.swift */,
				6B1060F327A929D200EB98A7 /* NetworkServiceProtocol.swift */,
			);
			path = Network;
			sourceTree = "<group>";
		};
		6B1060F527A9384700EB98A7 /* DataModels */ = {
			isa = PBXGroup;
			children = (
				972F27F027943D050000BE72 /* Token.swift */,
				9766CC0F27ADD16200426D8F /* NewPlaylist.swift */,
				6B1060F627A9388D00EB98A7 /* Business */,
			);
			path = DataModels;
			sourceTree = "<group>";
		};
		6B1060F627A9388D00EB98A7 /* Business */ = {
			isa = PBXGroup;
			children = (
				6B1060F727A938B200EB98A7 /* ListOfSearchedTracks.swift */,
				97DA15E827B6BC8B00DE2D7D /* ExternalUrls.swift */,
				6B1060F827A938B200EB98A7 /* Categories.swift */,
				6B1060FD27A9391400EB98A7 /* Playlists.swift */,
				6B1060FB27A938E200EB98A7 /* Playlist.swift */,
				97DA15E427B6BC0000DE2D7D /* Album.swift */,
				97DA15EA27B6BCCF00DE2D7D /* Owner.swift */,
				97DA15EC27B6BCE700DE2D7D /* Image.swift */,
				97DA15E627B6BC6900DE2D7D /* Track.swift */,
				97DA15E227B6B9B000DE2D7D /* Artist.swift */,
				6B9ABFFC27AADCEF00F9F9F3 /* User.swift */,
				97DA15EE27B6C00D00DE2D7D /* ListOfArtists.swift */,
			);
			path = Business;
			sourceTree = "<group>";
		};
		6B1060FF27A9393F00EB98A7 /* CacheImageStorage */ = {
			isa = PBXGroup;
			children = (
				6B10610027A9393F00EB98A7 /* CacheImageStorage.swift */,
			);
			path = CacheImageStorage;
			sourceTree = "<group>";
		};
		6B16637127BBF32100577712 /* URLBuilder */ = {
			isa = PBXGroup;
			children = (
				6B16637227BBF33B00577712 /* URLBuilder.swift */,
				6B16637427BBF44C00577712 /* URLBuilderProtocol.swift */,
			);
			path = URLBuilder;
			sourceTree = "<group>";
		};
		6B3934BD27A8386700B9C742 /* TabBarController */ = {
			isa = PBXGroup;
			children = (
				6B3934BE27A8388D00B9C742 /* TabBarController.swift */,
				6B3934C327A83B8A00B9C742 /* TabBarItem.swift */,
			);
			path = TabBarController;
			sourceTree = "<group>";
		};
		6B9ABFBC27AAD03800F9F9F3 /* TableViewCell */ = {
			isa = PBXGroup;
			children = (
				6B9ABFBD27AAD03800F9F9F3 /* TableViewCell.swift */,
				6B9ABFBE27AAD03800F9F9F3 /* TableViewCell.xib */,
			);
			path = TableViewCell;
			sourceTree = "<group>";
		};
		6B9ABFD127AAD27B00F9F9F3 /* UI */ = {
			isa = PBXGroup;
			children = (
				6B9ABFD227AAD2B100F9F9F3 /* Commun */,
				9729FB43279375B400AFD1A0 /* Modules */,
				6B3934BD27A8386700B9C742 /* TabBarController */,
			);
			path = UI;
			sourceTree = "<group>";
		};
		6B9ABFD227AAD2B100F9F9F3 /* Commun */ = {
			isa = PBXGroup;
			children = (
				6B9ABFD427AAD2F600F9F9F3 /* TableView */,
				6B9ABFD327AAD2EC00F9F9F3 /* CollectionView */,
				97A418AD27B028FD0012CD3D /* ToastView.swift */,
			);
			path = Commun;
			sourceTree = "<group>";
		};
		6B9ABFD327AAD2EC00F9F9F3 /* CollectionView */ = {
			isa = PBXGroup;
			children = (
				6B1060BC27A927C900EB98A7 /* CollectionViewDataSource */,
				6B1060BE27A927C900EB98A7 /* CollectionTableViewCell */,
			);
			path = CollectionView;
			sourceTree = "<group>";
		};
		6B9ABFD427AAD2F600F9F9F3 /* TableView */ = {
			isa = PBXGroup;
			children = (
				6B1060E027A9281F00EB98A7 /* TrackTableViewCell */,
				6B9ABFF527AADB5700F9F9F3 /* TrackTableViewDataSource */,
				6B9ABFDC27AAD47F00F9F9F3 /* TableViewDataSource */,
				6B9ABFBC27AAD03800F9F9F3 /* TableViewCell */,
			);
			path = TableView;
			sourceTree = "<group>";
		};
		6B9ABFD527AAD47F00F9F9F3 /* Profile */ = {
			isa = PBXGroup;
			children = (
				6B9ABFD627AAD47F00F9F9F3 /* Assembly */,
				6B9ABFE327AAD47F00F9F9F3 /* Interactor */,
				6B9ABFD827AAD47F00F9F9F3 /* Presenter */,
				6B9ABFDB27AAD47F00F9F9F3 /* View */,
			);
			path = Profile;
			sourceTree = "<group>";
		};
		6B9ABFD627AAD47F00F9F9F3 /* Assembly */ = {
			isa = PBXGroup;
			children = (
				6B9ABFD727AAD47F00F9F9F3 /* ProfileAssembly.swift */,
			);
			path = Assembly;
			sourceTree = "<group>";
		};
		6B9ABFD827AAD47F00F9F9F3 /* Presenter */ = {
			isa = PBXGroup;
			children = (
				6B9ABFD927AAD47F00F9F9F3 /* ProfilePresenter.swift */,
				6B9ABFDA27AAD47F00F9F9F3 /* ProfilePresenterProtocols.swift */,
			);
			path = Presenter;
			sourceTree = "<group>";
		};
		6B9ABFDB27AAD47F00F9F9F3 /* View */ = {
			isa = PBXGroup;
			children = (
				6B9ABFFF27AAE30400F9F9F3 /* ProfileViewController.storyboard */,
				6B9ABFDF27AAD47F00F9F9F3 /* ProfileViewController.swift */,
			);
			path = View;
			sourceTree = "<group>";
		};
		6B9ABFDC27AAD47F00F9F9F3 /* TableViewDataSource */ = {
			isa = PBXGroup;
			children = (
				6B9ABFDD27AAD47F00F9F9F3 /* TableViewDataSource.swift */,
			);
			path = TableViewDataSource;
			sourceTree = "<group>";
		};
		6B9ABFE327AAD47F00F9F9F3 /* Interactor */ = {
			isa = PBXGroup;
			children = (
				6B9ABFE427AAD47F00F9F9F3 /* ProfileInteractorProtocols.swift */,
				6B9ABFE527AAD47F00F9F9F3 /* ProfileInteractor.swift */,
			);
			path = Interactor;
			sourceTree = "<group>";
		};
		6B9ABFF527AADB5700F9F9F3 /* TrackTableViewDataSource */ = {
			isa = PBXGroup;
			children = (
				6B9ABFF627AADB6900F9F9F3 /* TrackTableViewDataSource.swift */,
			);
			path = TrackTableViewDataSource;
			sourceTree = "<group>";
		};
		6BBCB8F827BA54F700FC2A34 /* Artist */ = {
			isa = PBXGroup;
			children = (
				6BBCB8F927BA54F700FC2A34 /* Assembly */,
				6BBCB90B27BA54F700FC2A34 /* Interactor */,
				6BBCB8FB27BA54F700FC2A34 /* Presenter */,
				6BBCB8FE27BA54F700FC2A34 /* View */,
			);
			path = Artist;
			sourceTree = "<group>";
		};
		6BBCB8F927BA54F700FC2A34 /* Assembly */ = {
			isa = PBXGroup;
			children = (
				6BBCB8FA27BA54F700FC2A34 /* ArtistModuleAssembly.swift */,
			);
			path = Assembly;
			sourceTree = "<group>";
		};
		6BBCB8FB27BA54F700FC2A34 /* Presenter */ = {
			isa = PBXGroup;
			children = (
				6BBCB8FC27BA54F700FC2A34 /* ArtistPresenter.swift */,
				6BBCB8FD27BA54F700FC2A34 /* ArtistPresenterProtocols.swift */,
			);
			path = Presenter;
			sourceTree = "<group>";
		};
		6BBCB8FE27BA54F700FC2A34 /* View */ = {
			isa = PBXGroup;
			children = (
				6BBCB8FF27BA54F700FC2A34 /* DataSource */,
				6BBCB90327BA54F700FC2A34 /* ArtistViewController.storyboard */,
				6BBCB90A27BA54F700FC2A34 /* ArtistViewController.swift */,
			);
			path = View;
			sourceTree = "<group>";
		};
		6BBCB8FF27BA54F700FC2A34 /* DataSource */ = {
			isa = PBXGroup;
			children = (
				6BBCB90227BA54F700FC2A34 /* ArtistTableViewDataSource.swift */,
			);
			path = DataSource;
			sourceTree = "<group>";
		};
		6BBCB90B27BA54F700FC2A34 /* Interactor */ = {
			isa = PBXGroup;
			children = (
				6BBCB90C27BA54F700FC2A34 /* ArtistInteractor.swift */,
				6BBCB90D27BA54F700FC2A34 /* ArtistInteractorProtocols.swift */,
			);
			path = Interactor;
			sourceTree = "<group>";
		};
		6BBCB91C27BA550600FC2A34 /* PlaylistFlow */ = {
			isa = PBXGroup;
			children = (
				6B06FDCC27AD259B000E66CE /* ListOfPlaylists */,
				97A4189627AFC7F00012CD3D /* Playlist */,
				97A418AF27B054EF0012CD3D /* EditPlaylist */,
			);
			path = PlaylistFlow;
			sourceTree = "<group>";
		};
		6BBCB91D27BA556500FC2A34 /* SearchFlow */ = {
			isa = PBXGroup;
			children = (
				6B1060B527A927C900EB98A7 /* Categories */,
				6B1060D527A9281F00EB98A7 /* Search */,
			);
			path = SearchFlow;
			sourceTree = "<group>";
		};
		6BBCB91E27BA55EC00FC2A34 /* ProfileFlow */ = {
			isa = PBXGroup;
			children = (
				97DA15CE27B67E7800DE2D7D /* ListOfArtists */,
				6B9ABFD527AAD47F00F9F9F3 /* Profile */,
			);
			path = ProfileFlow;
			sourceTree = "<group>";
		};
		9729FB222793758D00AFD1A0 = {
			isa = PBXGroup;
			children = (
				9729FB2D2793758D00AFD1A0 /* SpotifyPreviewApp */,
				9729FB2C2793758D00AFD1A0 /* Products */,
				3AE9673A7DD5E1EB176C7174 /* Pods */,
				F0CC733086A310961E568A19 /* Frameworks */,
			);
			sourceTree = "<group>";
		};
		9729FB2C2793758D00AFD1A0 /* Products */ = {
			isa = PBXGroup;
			children = (
				9729FB2B2793758D00AFD1A0 /* SpotifyPreviewApp.app */,
			);
			name = Products;
			sourceTree = "<group>";
		};
		9729FB2D2793758D00AFD1A0 /* SpotifyPreviewApp */ = {
			isa = PBXGroup;
			children = (
				9729FB42279375A500AFD1A0 /* Delegates */,
				972F27C0279428550000BE72 /* Coordinator */,
				6B9ABFD127AAD27B00F9F9F3 /* UI */,
				972F27FF2794878B0000BE72 /* Factories */,
				972F27D8279430260000BE72 /* Services */,
				6B1060F527A9384700EB98A7 /* DataModels */,
				972F27DC279430740000BE72 /* Resources */,
				9729FB442793762500AFD1A0 /* Extension */,
				9729FB372793758E00AFD1A0 /* Assets.xcassets */,
				9729FB392793758E00AFD1A0 /* LaunchScreen.storyboard */,
				9729FB3C2793758E00AFD1A0 /* Info.plist */,
			);
			path = SpotifyPreviewApp;
			sourceTree = "<group>";
		};
		9729FB42279375A500AFD1A0 /* Delegates */ = {
			isa = PBXGroup;
			children = (
				9729FB2E2793758D00AFD1A0 /* AppDelegate.swift */,
			);
			path = Delegates;
			sourceTree = "<group>";
		};
		9729FB43279375B400AFD1A0 /* Modules */ = {
			isa = PBXGroup;
			children = (
				6BBCB8F827BA54F700FC2A34 /* Artist */,
				6BBCB91C27BA550600FC2A34 /* PlaylistFlow */,
				6BBCB91D27BA556500FC2A34 /* SearchFlow */,
				6BBCB91E27BA55EC00FC2A34 /* ProfileFlow */,
				972F27D327942E320000BE72 /* Authorization */,
			);
			path = Modules;
			sourceTree = "<group>";
		};
		9729FB442793762500AFD1A0 /* Extension */ = {
			isa = PBXGroup;
			children = (
				6B10610927A93A0900EB98A7 /* TableViewExtention.swift */,
				6B10610827A93A0900EB98A7 /* TableViewHeaderFooterViewExtention.swift */,
				6B10610227A939D400EB98A7 /* CellExtention.swift */,
				6B10610327A939D500EB98A7 /* CollectionViewExtention.swift */,
				6B10610427A939D500EB98A7 /* ImageViewExtention.swift */,
				972F27D027942B3F0000BE72 /* StoryboardInstantiable.swift */,
				972F27CF27942B3F0000BE72 /* UIViewController.swift */,
			);
			path = Extension;
			sourceTree = "<group>";
		};
		972F27C0279428550000BE72 /* Coordinator */ = {
			isa = PBXGroup;
			children = (
				972F27C1279428850000BE72 /* ApplicationCoordinator.swift */,
				972F27F2279440BE0000BE72 /* Flows */,
				972F27C8279429360000BE72 /* Router */,
				972F27C3279428BF0000BE72 /* BaseCoordinator */,
				972F27CD27942AAF0000BE72 /* Presentable.swift */,
			);
			path = Coordinator;
			sourceTree = "<group>";
		};
		972F27C3279428BF0000BE72 /* BaseCoordinator */ = {
			isa = PBXGroup;
			children = (
				972F27C4279428E00000BE72 /* BaseCoordinator.swift */,
				972F27C5279428E00000BE72 /* Coordinator.swift */,
			);
			path = BaseCoordinator;
			sourceTree = "<group>";
		};
		972F27C8279429360000BE72 /* Router */ = {
			isa = PBXGroup;
			children = (
				972F27C9279429510000BE72 /* Router.swift */,
				972F27CA279429510000BE72 /* RouterProtocol.swift */,
			);
			path = Router;
			sourceTree = "<group>";
		};
		972F27D327942E320000BE72 /* Authorization */ = {
			isa = PBXGroup;
			children = (
				972F27D727942FE90000BE72 /* Assembly */,
				972F27D627942F9D0000BE72 /* Interactor */,
				972F27D527942F940000BE72 /* Presenter */,
				972F27D427942F860000BE72 /* View */,
			);
			path = Authorization;
			sourceTree = "<group>";
		};
		972F27D427942F860000BE72 /* View */ = {
			isa = PBXGroup;
			children = (
				9729FB322793758D00AFD1A0 /* AuthorizationViewController.swift */,
				9729FB342793758D00AFD1A0 /* AuthorizationViewController.storyboard */,
			);
			path = View;
			sourceTree = "<group>";
		};
		972F27D527942F940000BE72 /* Presenter */ = {
			isa = PBXGroup;
			children = (
				972F27DF279437B10000BE72 /* AuthorizationPresenterProtocols.swift */,
				972F27E1279437F20000BE72 /* AuthorizationPresenter.swift */,
			);
			path = Presenter;
			sourceTree = "<group>";
		};
		972F27D627942F9D0000BE72 /* Interactor */ = {
			isa = PBXGroup;
			children = (
				972F27E3279439A50000BE72 /* AuthorizationInteractorProtocols.swift */,
				972F27E5279439CB0000BE72 /* AuthorizationInteractor.swift */,
			);
			path = Interactor;
			sourceTree = "<group>";
		};
		972F27D727942FE90000BE72 /* Assembly */ = {
			isa = PBXGroup;
			children = (
				972F27F6279445E60000BE72 /* AuthorizationModuleAssembly.swift */,
			);
			path = Assembly;
			sourceTree = "<group>";
		};
		972F27D8279430260000BE72 /* Services */ = {
			isa = PBXGroup;
			children = (
				6B1060FF27A9393F00EB98A7 /* CacheImageStorage */,
				6B16637127BBF32100577712 /* URLBuilder */,
				6B1060F027A9299400EB98A7 /* Network */,
				972F27E727943A960000BE72 /* KeychainService */,
				972F27D92794303A0000BE72 /* AuthorizationService */,
			);
			path = Services;
			sourceTree = "<group>";
		};
		972F27D92794303A0000BE72 /* AuthorizationService */ = {
			isa = PBXGroup;
			children = (
				972F27DA279430410000BE72 /* AuthorizationService.swift */,
				972F27EC27943AC90000BE72 /* AuthorizationServiceProtocol.swift */,
			);
			path = AuthorizationService;
			sourceTree = "<group>";
		};
		972F27DC279430740000BE72 /* Resources */ = {
			isa = PBXGroup;
			children = (
				972F27F827947FA90000BE72 /* ConfigData */,
			);
			path = Resources;
			sourceTree = "<group>";
		};
		972F27E727943A960000BE72 /* KeychainService */ = {
			isa = PBXGroup;
			children = (
				972F27E827943AAC0000BE72 /* KeychainServiceProtocol.swift */,
				972F27EA27943AB50000BE72 /* KeychainService.swift */,
			);
			path = KeychainService;
			sourceTree = "<group>";
		};
		972F27F2279440BE0000BE72 /* Flows */ = {
			isa = PBXGroup;
			children = (
				972F27F4279440FE0000BE72 /* AuthorizationCoordinator.swift */,
				6B1060B027A922A800EB98A7 /* TabBarCoordinator.swift */,
				6B1060B327A9259C00EB98A7 /* SearchCoordinator.swift */,
				6B9AC00127AAEDAD00F9F9F3 /* ProfileCoordinator.swift */,
				6B811C1A27AD2CC50000EB93 /* PlaylistsCoordinator.swift */,
				6BBCB91F27BA75D100FC2A34 /* ArtistCoordinator.swift */,
			);
			path = Flows;
			sourceTree = "<group>";
		};
		972F27F827947FA90000BE72 /* ConfigData */ = {
			isa = PBXGroup;
			children = (
				972F27DD2794309E0000BE72 /* URLPath.swift */,
				972F27F927947FC50000BE72 /* AuthorizationData.swift */,
			);
			path = ConfigData;
			sourceTree = "<group>";
		};
		972F27FF2794878B0000BE72 /* Factories */ = {
			isa = PBXGroup;
			children = (
				972F280A27949A5B0000BE72 /* ServiceManager */,
				972F280527948F900000BE72 /* CoordinatorFactory */,
				972F2800279487DB0000BE72 /* FlowFactory */,
			);
			path = Factories;
			sourceTree = "<group>";
		};
		972F2800279487DB0000BE72 /* FlowFactory */ = {
			isa = PBXGroup;
			children = (
				972F2801279488110000BE72 /* FlowFactory.swift */,
				972F2803279488490000BE72 /* FlowFactoryProtocols.swift */,
			);
			path = FlowFactory;
			sourceTree = "<group>";
		};
		972F280527948F900000BE72 /* CoordinatorFactory */ = {
			isa = PBXGroup;
			children = (
				972F2806279491910000BE72 /* CoordinatorFactory.swift */,
				972F2808279491BF0000BE72 /* CoordinatorFactoryProtocol.swift */,
			);
			path = CoordinatorFactory;
			sourceTree = "<group>";
		};
		972F280A27949A5B0000BE72 /* ServiceManager */ = {
			isa = PBXGroup;
			children = (
				972F280B27949A830000BE72 /* ServiceManager.swift */,
			);
			path = ServiceManager;
			sourceTree = "<group>";
		};
		97A4189627AFC7F00012CD3D /* Playlist */ = {
			isa = PBXGroup;
			children = (
				97A4189727AFC7F00012CD3D /* Assembly */,
				97A418A127AFC7F00012CD3D /* Interactor */,
				97A4189927AFC7F00012CD3D /* Presenter */,
				97A4189C27AFC7F00012CD3D /* View */,
			);
			path = Playlist;
			sourceTree = "<group>";
		};
		97A4189727AFC7F00012CD3D /* Assembly */ = {
			isa = PBXGroup;
			children = (
				97A4189827AFC7F00012CD3D /* PlaylistModuleAssembly.swift */,
			);
			path = Assembly;
			sourceTree = "<group>";
		};
		97A4189927AFC7F00012CD3D /* Presenter */ = {
			isa = PBXGroup;
			children = (
				97A4189A27AFC7F00012CD3D /* PlaylistPresenter.swift */,
				97A4189B27AFC7F00012CD3D /* PlaylistPresenterProtocols.swift */,
			);
			path = Presenter;
			sourceTree = "<group>";
		};
		97A4189C27AFC7F00012CD3D /* View */ = {
			isa = PBXGroup;
			children = (
				97A418A027AFC7F00012CD3D /* PlaylistViewController.swift */,
				97A4189D27AFC7F00012CD3D /* PlaylistViewController.storyboard */,
			);
			path = View;
			sourceTree = "<group>";
		};
		97A418A127AFC7F00012CD3D /* Interactor */ = {
			isa = PBXGroup;
			children = (
				97A418A227AFC7F00012CD3D /* PlaylistInteractorProtocols.swift */,
				97A418A327AFC7F00012CD3D /* PlaylistInteractor.swift */,
			);
			path = Interactor;
			sourceTree = "<group>";
		};
		97A418AF27B054EF0012CD3D /* EditPlaylist */ = {
			isa = PBXGroup;
			children = (
				97A418B327B055270012CD3D /* Assembly */,
				97A418B227B0551F0012CD3D /* Interactor */,
				97A418B127B055170012CD3D /* Presenter */,
				97A418B027B0550E0012CD3D /* View */,
			);
			path = EditPlaylist;
			sourceTree = "<group>";
		};
		97A418B027B0550E0012CD3D /* View */ = {
			isa = PBXGroup;
			children = (
				97A418B627B0556C0012CD3D /* EditPlaylistViewController.swift */,
				97A418B427B0554B0012CD3D /* EditPlaylistViewController.storyboard */,
			);
			path = View;
			sourceTree = "<group>";
		};
		97A418B127B055170012CD3D /* Presenter */ = {
			isa = PBXGroup;
			children = (
				97A418B827B05AF60012CD3D /* EditPlaylistPresenter.swift */,
				97A418BA27B05B0E0012CD3D /* EditPlaylistPresenterProtocols.swift */,
			);
			path = Presenter;
			sourceTree = "<group>";
		};
		97A418B227B0551F0012CD3D /* Interactor */ = {
			isa = PBXGroup;
			children = (
				97A418BC27B05B250012CD3D /* EditPlaylistInteractor.swift */,
				97A418BE27B05B380012CD3D /* EditPlaylistInteractorProtocols.swift */,
			);
			path = Interactor;
			sourceTree = "<group>";
		};
		97A418B327B055270012CD3D /* Assembly */ = {
			isa = PBXGroup;
			children = (
				97A418C027B05B480012CD3D /* EditPlaylistModuleAssembly.swift */,
			);
			path = Assembly;
			sourceTree = "<group>";
		};
		97DA15CE27B67E7800DE2D7D /* ListOfArtists */ = {
			isa = PBXGroup;
			children = (
				97DA15D227B67F9800DE2D7D /* Assembly */,
				97DA15D127B67F8F00DE2D7D /* Interactor */,
				97DA15D027B67F5B00DE2D7D /* Presenter */,
				97DA15CF27B67F5000DE2D7D /* View */,
			);
			path = ListOfArtists;
			sourceTree = "<group>";
		};
		97DA15CF27B67F5000DE2D7D /* View */ = {
			isa = PBXGroup;
			children = (
				97DA15D327B6806900DE2D7D /* ListOfArtistsViewController.swift */,
				97DA15D527B6807300DE2D7D /* ListOfArtistsViewController.storyboard */,
			);
			path = View;
			sourceTree = "<group>";
		};
		97DA15D027B67F5B00DE2D7D /* Presenter */ = {
			isa = PBXGroup;
			children = (
				97DA15D827B680CB00DE2D7D /* ListOfArtistsPresenter.swift */,
				97DA15DA27B6A19000DE2D7D /* ListOfArtistsPresenterProtocols.swift */,
			);
			path = Presenter;
			sourceTree = "<group>";
		};
		97DA15D127B67F8F00DE2D7D /* Interactor */ = {
			isa = PBXGroup;
			children = (
				97DA15DC27B6A1E700DE2D7D /* ListOfArtistsIneractor.swift */,
				97DA15DE27B6A1FA00DE2D7D /* ListOfArtistsIneractorProtocols.swift */,
			);
			path = Interactor;
			sourceTree = "<group>";
		};
		97DA15D227B67F9800DE2D7D /* Assembly */ = {
			isa = PBXGroup;
			children = (
				97DA15E027B6A21400DE2D7D /* ListOfArtistsModuleAssembly.swift */,
			);
			path = Assembly;
			sourceTree = "<group>";
		};
		F0CC733086A310961E568A19 /* Frameworks */ = {
			isa = PBXGroup;
			children = (
				A0715AA1035BF7F63B94F484 /* Pods_SpotifyPreviewApp.framework */,
			);
			name = Frameworks;
			sourceTree = "<group>";
		};
/* End PBXGroup section */

/* Begin PBXNativeTarget section */
		9729FB2A2793758D00AFD1A0 /* SpotifyPreviewApp */ = {
			isa = PBXNativeTarget;
			buildConfigurationList = 9729FB3F2793758E00AFD1A0 /* Build configuration list for PBXNativeTarget "SpotifyPreviewApp" */;
			buildPhases = (
				1447EE588270EA35DBB7F7D6 /* [CP] Check Pods Manifest.lock */,
				9729FB272793758D00AFD1A0 /* Sources */,
				9729FB282793758D00AFD1A0 /* Frameworks */,
				9729FB292793758D00AFD1A0 /* Resources */,
				11DA61B85E40FE160B6CEC3D /* [CP] Embed Pods Frameworks */,
				972F280D2794C0220000BE72 /* ShellScript */,
			);
			buildRules = (
			);
			dependencies = (
			);
			name = SpotifyPreviewApp;
			productName = SpotifyPreviewApp;
			productReference = 9729FB2B2793758D00AFD1A0 /* SpotifyPreviewApp.app */;
			productType = "com.apple.product-type.application";
		};
/* End PBXNativeTarget section */

/* Begin PBXProject section */
		9729FB232793758D00AFD1A0 /* Project object */ = {
			isa = PBXProject;
			attributes = {
				BuildIndependentTargetsInParallel = 1;
				LastSwiftUpdateCheck = 1320;
				LastUpgradeCheck = 1320;
				TargetAttributes = {
					9729FB2A2793758D00AFD1A0 = {
						CreatedOnToolsVersion = 13.2.1;
					};
				};
			};
			buildConfigurationList = 9729FB262793758D00AFD1A0 /* Build configuration list for PBXProject "SpotifyPreviewApp" */;
			compatibilityVersion = "Xcode 13.0";
			developmentRegion = en;
			hasScannedForEncodings = 0;
			knownRegions = (
				en,
				Base,
			);
			mainGroup = 9729FB222793758D00AFD1A0;
			productRefGroup = 9729FB2C2793758D00AFD1A0 /* Products */;
			projectDirPath = "";
			projectRoot = "";
			targets = (
				9729FB2A2793758D00AFD1A0 /* SpotifyPreviewApp */,
			);
		};
/* End PBXProject section */

/* Begin PBXResourcesBuildPhase section */
		9729FB292793758D00AFD1A0 /* Resources */ = {
			isa = PBXResourcesBuildPhase;
			buildActionMask = 2147483647;
			files = (
				9729FB3B2793758E00AFD1A0 /* LaunchScreen.storyboard in Resources */,
				6B1060EC27A9281F00EB98A7 /* TrackTableViewCell.xib in Resources */,
				6B9AC00027AAE30400F9F9F3 /* ProfileViewController.storyboard in Resources */,
				97A418B527B0554B0012CD3D /* EditPlaylistViewController.storyboard in Resources */,
				9729FB382793758E00AFD1A0 /* Assets.xcassets in Resources */,
				97A418A727AFC7F00012CD3D /* PlaylistViewController.storyboard in Resources */,
				6B1060D027A927C900EB98A7 /* CategoriesViewController.storyboard in Resources */,
				97DA15D627B6807300DE2D7D /* ListOfArtistsViewController.storyboard in Resources */,
				6B9ABFCC27AAD03800F9F9F3 /* TableViewCell.xib in Resources */,
				6B06FDE127AD259B000E66CE /* ListOfPlaylistsViewController.storyboard in Resources */,
				6BBCB91427BA54F700FC2A34 /* ArtistViewController.storyboard in Resources */,
				6B1060CE27A927C900EB98A7 /* CollectionViewCell.xib in Resources */,
				9729FB362793758D00AFD1A0 /* AuthorizationViewController.storyboard in Resources */,
				6B1060EB27A9281F00EB98A7 /* SearchViewController.storyboard in Resources */,
			);
			runOnlyForDeploymentPostprocessing = 0;
		};
/* End PBXResourcesBuildPhase section */

/* Begin PBXShellScriptBuildPhase section */
		11DA61B85E40FE160B6CEC3D /* [CP] Embed Pods Frameworks */ = {
			isa = PBXShellScriptBuildPhase;
			buildActionMask = 2147483647;
			files = (
			);
			inputFileListPaths = (
				"${PODS_ROOT}/Target Support Files/Pods-SpotifyPreviewApp/Pods-SpotifyPreviewApp-frameworks-${CONFIGURATION}-input-files.xcfilelist",
			);
			name = "[CP] Embed Pods Frameworks";
			outputFileListPaths = (
				"${PODS_ROOT}/Target Support Files/Pods-SpotifyPreviewApp/Pods-SpotifyPreviewApp-frameworks-${CONFIGURATION}-output-files.xcfilelist",
			);
			runOnlyForDeploymentPostprocessing = 0;
			shellPath = /bin/sh;
			shellScript = "\"${PODS_ROOT}/Target Support Files/Pods-SpotifyPreviewApp/Pods-SpotifyPreviewApp-frameworks.sh\"\n";
			showEnvVarsInLog = 0;
		};
		1447EE588270EA35DBB7F7D6 /* [CP] Check Pods Manifest.lock */ = {
			isa = PBXShellScriptBuildPhase;
			buildActionMask = 2147483647;
			files = (
			);
			inputFileListPaths = (
			);
			inputPaths = (
				"${PODS_PODFILE_DIR_PATH}/Podfile.lock",
				"${PODS_ROOT}/Manifest.lock",
			);
			name = "[CP] Check Pods Manifest.lock";
			outputFileListPaths = (
			);
			outputPaths = (
				"$(DERIVED_FILE_DIR)/Pods-SpotifyPreviewApp-checkManifestLockResult.txt",
			);
			runOnlyForDeploymentPostprocessing = 0;
			shellPath = /bin/sh;
			shellScript = "diff \"${PODS_PODFILE_DIR_PATH}/Podfile.lock\" \"${PODS_ROOT}/Manifest.lock\" > /dev/null\nif [ $? != 0 ] ; then\n    # print error to STDERR\n    echo \"error: The sandbox is not in sync with the Podfile.lock. Run 'pod install' or update your CocoaPods installation.\" >&2\n    exit 1\nfi\n# This output is used by Xcode 'outputs' to avoid re-running this script phase.\necho \"SUCCESS\" > \"${SCRIPT_OUTPUT_FILE_0}\"\n";
			showEnvVarsInLog = 0;
		};
		972F280D2794C0220000BE72 /* ShellScript */ = {
			isa = PBXShellScriptBuildPhase;
			buildActionMask = 2147483647;
			files = (
			);
			inputFileListPaths = (
			);
			inputPaths = (
			);
			outputFileListPaths = (
			);
			outputPaths = (
			);
			runOnlyForDeploymentPostprocessing = 0;
			shellPath = /bin/sh;
			shellScript = "# Type a script or drag a script file from your workspace to insert its path.\n\"${PODS_ROOT}/SwiftLint/swiftlint\"\n";
		};
/* End PBXShellScriptBuildPhase section */

/* Begin PBXSourcesBuildPhase section */
		9729FB272793758D00AFD1A0 /* Sources */ = {
			isa = PBXSourcesBuildPhase;
			buildActionMask = 2147483647;
			files = (
				6B1060CF27A927C900EB98A7 /* CategoriesViewController.swift in Sources */,
				972F27D127942B3F0000BE72 /* UIViewController.swift in Sources */,
				97A418BF27B05B380012CD3D /* EditPlaylistInteractorProtocols.swift in Sources */,
				6B9ABFEC27AAD47F00F9F9F3 /* TableViewDataSource.swift in Sources */,
				6B1060E827A9281F00EB98A7 /* SearchPresenter.swift in Sources */,
				6B1060EE27A9281F00EB98A7 /* SearchInteractorProtocol.swift in Sources */,
				97DA15E127B6A21400DE2D7D /* ListOfArtistsModuleAssembly.swift in Sources */,
				97DA15D427B6806900DE2D7D /* ListOfArtistsViewController.swift in Sources */,
				6B1060FA27A938B200EB98A7 /* Categories.swift in Sources */,
				6B9ABFEE27AAD47F00F9F9F3 /* ProfileViewController.swift in Sources */,
				972F27F7279445E60000BE72 /* AuthorizationModuleAssembly.swift in Sources */,
				6B9AC00227AAEDAD00F9F9F3 /* ProfileCoordinator.swift in Sources */,
				6B9ABFF127AAD47F00F9F9F3 /* ProfileInteractorProtocols.swift in Sources */,
				6B1060E727A9281F00EB98A7 /* SearchPresenterProtocols.swift in Sources */,
				6B9ABFF227AAD47F00F9F9F3 /* ProfileInteractor.swift in Sources */,
				6B1060C927A927C900EB98A7 /* CategoriesAssembly.swift in Sources */,
				97A418A627AFC7F00012CD3D /* PlaylistPresenterProtocols.swift in Sources */,
				6B06FDE227AD259B000E66CE /* ListOfPlaylistsInteractorProtocols.swift in Sources */,
				6B9ABFEB27AAD47F00F9F9F3 /* ProfilePresenterProtocols.swift in Sources */,
				972F27DB279430410000BE72 /* AuthorizationService.swift in Sources */,
				6B1060EA27A9281F00EB98A7 /* SearchViewController.swift in Sources */,
				97A418AA27AFC7F00012CD3D /* PlaylistInteractorProtocols.swift in Sources */,
				972F27FA27947FC50000BE72 /* AuthorizationData.swift in Sources */,
				972F27C6279428E00000BE72 /* BaseCoordinator.swift in Sources */,
				972F27DE2794309E0000BE72 /* URLPath.swift in Sources */,
				97A418C127B05B480012CD3D /* EditPlaylistModuleAssembly.swift in Sources */,
				6BBCB91A27BA54F700FC2A34 /* ArtistInteractor.swift in Sources */,
				6B9ABFF727AADB6900F9F9F3 /* TrackTableViewDataSource.swift in Sources */,
				6B06FDDC27AD259B000E66CE /* ListOfPlaylistsAssembly.swift in Sources */,
				6BBCB92027BA75D100FC2A34 /* ArtistCoordinator.swift in Sources */,
				972F27ED27943AC90000BE72 /* AuthorizationServiceProtocol.swift in Sources */,
				972F27E6279439CB0000BE72 /* AuthorizationInteractor.swift in Sources */,
				6BBCB91B27BA54F700FC2A34 /* ArtistInteractorProtocols.swift in Sources */,
				972F27EB27943AB50000BE72 /* KeychainService.swift in Sources */,
				6BBCB91027BA54F700FC2A34 /* ArtistPresenterProtocols.swift in Sources */,
				97DA15EB27B6BCCF00DE2D7D /* Owner.swift in Sources */,
				6B1060CB27A927C900EB98A7 /* CategoriesPresenterProtocols.swift in Sources */,
				97DA15EF27B6C00D00DE2D7D /* ListOfArtists.swift in Sources */,
				97A418A927AFC7F00012CD3D /* PlaylistViewController.swift in Sources */,
				6B1060CC27A927C900EB98A7 /* CategoriesCollectionViewDataSource.swift in Sources */,
				9729FB332793758D00AFD1A0 /* AuthorizationViewController.swift in Sources */,
				6B1060D227A927C900EB98A7 /* CategoriesInteractor.swift in Sources */,
				6B06FDDD27AD259B000E66CE /* ListOfPlaylistsPresenterProtocols.swift in Sources */,
				972F2802279488110000BE72 /* FlowFactory.swift in Sources */,
				97A418AE27B028FD0012CD3D /* ToastView.swift in Sources */,
				6B1060B127A922A800EB98A7 /* TabBarCoordinator.swift in Sources */,
				6B1060B427A9259C00EB98A7 /* SearchCoordinator.swift in Sources */,
				6BBCB90F27BA54F700FC2A34 /* ArtistPresenter.swift in Sources */,
				97DA15E527B6BC0000DE2D7D /* Album.swift in Sources */,
				97DA15ED27B6BCE700DE2D7D /* Image.swift in Sources */,
				6B1060F427A929D200EB98A7 /* NetworkServiceProtocol.swift in Sources */,
				972F27CC279429510000BE72 /* RouterProtocol.swift in Sources */,
				6B10610127A9393F00EB98A7 /* CacheImageStorage.swift in Sources */,
				6B10610B27A93A0900EB98A7 /* TableViewExtention.swift in Sources */,
				6B3934C427A83B8A00B9C742 /* TabBarItem.swift in Sources */,
				972F27C7279428E00000BE72 /* Coordinator.swift in Sources */,
				6B06FDE027AD259B000E66CE /* ListOfPlaylistsViewController.swift in Sources */,
				972F27F5279440FE0000BE72 /* AuthorizationCoordinator.swift in Sources */,
				972F2804279488490000BE72 /* FlowFactoryProtocols.swift in Sources */,
				6B16637527BBF44C00577712 /* URLBuilderProtocol.swift in Sources */,
				97DA15E727B6BC6900DE2D7D /* Track.swift in Sources */,
				97DA15E927B6BC8B00DE2D7D /* ExternalUrls.swift in Sources */,
				6B10610527A939D500EB98A7 /* CellExtention.swift in Sources */,
				97DA15DB27B6A19000DE2D7D /* ListOfArtistsPresenterProtocols.swift in Sources */,
				972F2807279491910000BE72 /* CoordinatorFactory.swift in Sources */,
				972F27E927943AAC0000BE72 /* KeychainServiceProtocol.swift in Sources */,
				972F27F127943D050000BE72 /* Token.swift in Sources */,
				6B9ABFCB27AAD03800F9F9F3 /* TableViewCell.swift in Sources */,
				972F2809279491BF0000BE72 /* CoordinatorFactoryProtocol.swift in Sources */,
				6B06FDE327AD259B000E66CE /* ListOfPlaylistsInteractor.swift in Sources */,
				972F280C27949A830000BE72 /* ServiceManager.swift in Sources */,
				6B1060EF27A9281F00EB98A7 /* SearchInteractor.swift in Sources */,
				6B10610627A939D500EB98A7 /* CollectionViewExtention.swift in Sources */,
				6B811C1B27AD2CC50000EB93 /* PlaylistsCoordinator.swift in Sources */,
				972F27CB279429510000BE72 /* Router.swift in Sources */,
				6BBCB90E27BA54F700FC2A34 /* ArtistModuleAssembly.swift in Sources */,
				6B1060F227A929BA00EB98A7 /* Network.swift in Sources */,
				972F27E4279439A50000BE72 /* AuthorizationInteractorProtocols.swift in Sources */,
				6B1060F927A938B200EB98A7 /* ListOfSearchedTracks.swift in Sources */,
				6B1060E627A9281F00EB98A7 /* SearchAssembly.swift in Sources */,
				97A418BD27B05B250012CD3D /* EditPlaylistInteractor.swift in Sources */,
				972F27E2279437F20000BE72 /* AuthorizationPresenter.swift in Sources */,
				6B1060D127A927C900EB98A7 /* CategoriesInteractorProtocols.swift in Sources */,
				97A418A527AFC7F00012CD3D /* PlaylistPresenter.swift in Sources */,
				9766CC1027ADD16200426D8F /* NewPlaylist.swift in Sources */,
				97DA15DF27B6A1FA00DE2D7D /* ListOfArtistsIneractorProtocols.swift in Sources */,
				6B3934BF27A8388D00B9C742 /* TabBarController.swift in Sources */,
				6B1060CD27A927C900EB98A7 /* CollectionViewCell.swift in Sources */,
				6B1060CA27A927C900EB98A7 /* CategoriesPresenter.swift in Sources */,
				97DA15E327B6B9B000DE2D7D /* Artist.swift in Sources */,
				6BBCB91927BA54F700FC2A34 /* ArtistViewController.swift in Sources */,
				6B10610727A939D500EB98A7 /* ImageViewExtention.swift in Sources */,
				9729FB2F2793758D00AFD1A0 /* AppDelegate.swift in Sources */,
				6B1060FC27A938E200EB98A7 /* Playlist.swift in Sources */,
				97A418B727B0556C0012CD3D /* EditPlaylistViewController.swift in Sources */,
				6B1060ED27A9281F00EB98A7 /* TrackTableViewCell.swift in Sources */,
				97DA15D927B680CB00DE2D7D /* ListOfArtistsPresenter.swift in Sources */,
				972F27D227942B3F0000BE72 /* StoryboardInstantiable.swift in Sources */,
				972F27C2279428850000BE72 /* ApplicationCoordinator.swift in Sources */,
				6B10610A27A93A0900EB98A7 /* TableViewHeaderFooterViewExtention.swift in Sources */,
				972F27CE27942AAF0000BE72 /* Presentable.swift in Sources */,
				6B06FDDE27AD259B000E66CE /* ListOfPlaylistsPresenter.swift in Sources */,
				97A418AB27AFC7F00012CD3D /* PlaylistInteractor.swift in Sources */,
				6B16637327BBF33B00577712 /* URLBuilder.swift in Sources */,
				6B9ABFEA27AAD47F00F9F9F3 /* ProfilePresenter.swift in Sources */,
				6B9ABFE927AAD47F00F9F9F3 /* ProfileAssembly.swift in Sources */,
				972F27E0279437B10000BE72 /* AuthorizationPresenterProtocols.swift in Sources */,
				97A418B927B05AF60012CD3D /* EditPlaylistPresenter.swift in Sources */,
				97A418BB27B05B0E0012CD3D /* EditPlaylistPresenterProtocols.swift in Sources */,
				6B1060FE27A9391400EB98A7 /* Playlists.swift in Sources */,
				97A418A427AFC7F00012CD3D /* PlaylistModuleAssembly.swift in Sources */,
				97DA15DD27B6A1E700DE2D7D /* ListOfArtistsIneractor.swift in Sources */,
				6B9ABFFD27AADCEF00F9F9F3 /* User.swift in Sources */,
				6BBCB91327BA54F700FC2A34 /* ArtistTableViewDataSource.swift in Sources */,
			);
			runOnlyForDeploymentPostprocessing = 0;
		};
/* End PBXSourcesBuildPhase section */

/* Begin PBXVariantGroup section */
		9729FB342793758D00AFD1A0 /* AuthorizationViewController.storyboard */ = {
			isa = PBXVariantGroup;
			children = (
				9729FB352793758D00AFD1A0 /* Base */,
			);
			name = AuthorizationViewController.storyboard;
			sourceTree = "<group>";
		};
		9729FB392793758E00AFD1A0 /* LaunchScreen.storyboard */ = {
			isa = PBXVariantGroup;
			children = (
				9729FB3A2793758E00AFD1A0 /* Base */,
			);
			name = LaunchScreen.storyboard;
			sourceTree = "<group>";
		};
/* End PBXVariantGroup section */

/* Begin XCBuildConfiguration section */
		9729FB3D2793758E00AFD1A0 /* Debug */ = {
			isa = XCBuildConfiguration;
			buildSettings = {
				ALWAYS_SEARCH_USER_PATHS = NO;
				CLANG_ANALYZER_NONNULL = YES;
				CLANG_ANALYZER_NUMBER_OBJECT_CONVERSION = YES_AGGRESSIVE;
				CLANG_CXX_LANGUAGE_STANDARD = "gnu++17";
				CLANG_CXX_LIBRARY = "libc++";
				CLANG_ENABLE_MODULES = YES;
				CLANG_ENABLE_OBJC_ARC = YES;
				CLANG_ENABLE_OBJC_WEAK = YES;
				CLANG_WARN_BLOCK_CAPTURE_AUTORELEASING = YES;
				CLANG_WARN_BOOL_CONVERSION = YES;
				CLANG_WARN_COMMA = YES;
				CLANG_WARN_CONSTANT_CONVERSION = YES;
				CLANG_WARN_DEPRECATED_OBJC_IMPLEMENTATIONS = YES;
				CLANG_WARN_DIRECT_OBJC_ISA_USAGE = YES_ERROR;
				CLANG_WARN_DOCUMENTATION_COMMENTS = YES;
				CLANG_WARN_EMPTY_BODY = YES;
				CLANG_WARN_ENUM_CONVERSION = YES;
				CLANG_WARN_INFINITE_RECURSION = YES;
				CLANG_WARN_INT_CONVERSION = YES;
				CLANG_WARN_NON_LITERAL_NULL_CONVERSION = YES;
				CLANG_WARN_OBJC_IMPLICIT_RETAIN_SELF = YES;
				CLANG_WARN_OBJC_LITERAL_CONVERSION = YES;
				CLANG_WARN_OBJC_ROOT_CLASS = YES_ERROR;
				CLANG_WARN_QUOTED_INCLUDE_IN_FRAMEWORK_HEADER = YES;
				CLANG_WARN_RANGE_LOOP_ANALYSIS = YES;
				CLANG_WARN_STRICT_PROTOTYPES = YES;
				CLANG_WARN_SUSPICIOUS_MOVE = YES;
				CLANG_WARN_UNGUARDED_AVAILABILITY = YES_AGGRESSIVE;
				CLANG_WARN_UNREACHABLE_CODE = YES;
				CLANG_WARN__DUPLICATE_METHOD_MATCH = YES;
				COPY_PHASE_STRIP = NO;
				DEBUG_INFORMATION_FORMAT = dwarf;
				ENABLE_STRICT_OBJC_MSGSEND = YES;
				ENABLE_TESTABILITY = YES;
				GCC_C_LANGUAGE_STANDARD = gnu11;
				GCC_DYNAMIC_NO_PIC = NO;
				GCC_NO_COMMON_BLOCKS = YES;
				GCC_OPTIMIZATION_LEVEL = 0;
				GCC_PREPROCESSOR_DEFINITIONS = (
					"DEBUG=1",
					"$(inherited)",
				);
				GCC_WARN_64_TO_32_BIT_CONVERSION = YES;
				GCC_WARN_ABOUT_RETURN_TYPE = YES_ERROR;
				GCC_WARN_UNDECLARED_SELECTOR = YES;
				GCC_WARN_UNINITIALIZED_AUTOS = YES_AGGRESSIVE;
				GCC_WARN_UNUSED_FUNCTION = YES;
				GCC_WARN_UNUSED_VARIABLE = YES;
				IPHONEOS_DEPLOYMENT_TARGET = 15.2;
				MTL_ENABLE_DEBUG_INFO = INCLUDE_SOURCE;
				MTL_FAST_MATH = YES;
				ONLY_ACTIVE_ARCH = YES;
				SDKROOT = iphoneos;
				SWIFT_ACTIVE_COMPILATION_CONDITIONS = DEBUG;
				SWIFT_OPTIMIZATION_LEVEL = "-Onone";
			};
			name = Debug;
		};
		9729FB3E2793758E00AFD1A0 /* Release */ = {
			isa = XCBuildConfiguration;
			buildSettings = {
				ALWAYS_SEARCH_USER_PATHS = NO;
				CLANG_ANALYZER_NONNULL = YES;
				CLANG_ANALYZER_NUMBER_OBJECT_CONVERSION = YES_AGGRESSIVE;
				CLANG_CXX_LANGUAGE_STANDARD = "gnu++17";
				CLANG_CXX_LIBRARY = "libc++";
				CLANG_ENABLE_MODULES = YES;
				CLANG_ENABLE_OBJC_ARC = YES;
				CLANG_ENABLE_OBJC_WEAK = YES;
				CLANG_WARN_BLOCK_CAPTURE_AUTORELEASING = YES;
				CLANG_WARN_BOOL_CONVERSION = YES;
				CLANG_WARN_COMMA = YES;
				CLANG_WARN_CONSTANT_CONVERSION = YES;
				CLANG_WARN_DEPRECATED_OBJC_IMPLEMENTATIONS = YES;
				CLANG_WARN_DIRECT_OBJC_ISA_USAGE = YES_ERROR;
				CLANG_WARN_DOCUMENTATION_COMMENTS = YES;
				CLANG_WARN_EMPTY_BODY = YES;
				CLANG_WARN_ENUM_CONVERSION = YES;
				CLANG_WARN_INFINITE_RECURSION = YES;
				CLANG_WARN_INT_CONVERSION = YES;
				CLANG_WARN_NON_LITERAL_NULL_CONVERSION = YES;
				CLANG_WARN_OBJC_IMPLICIT_RETAIN_SELF = YES;
				CLANG_WARN_OBJC_LITERAL_CONVERSION = YES;
				CLANG_WARN_OBJC_ROOT_CLASS = YES_ERROR;
				CLANG_WARN_QUOTED_INCLUDE_IN_FRAMEWORK_HEADER = YES;
				CLANG_WARN_RANGE_LOOP_ANALYSIS = YES;
				CLANG_WARN_STRICT_PROTOTYPES = YES;
				CLANG_WARN_SUSPICIOUS_MOVE = YES;
				CLANG_WARN_UNGUARDED_AVAILABILITY = YES_AGGRESSIVE;
				CLANG_WARN_UNREACHABLE_CODE = YES;
				CLANG_WARN__DUPLICATE_METHOD_MATCH = YES;
				COPY_PHASE_STRIP = NO;
				DEBUG_INFORMATION_FORMAT = "dwarf-with-dsym";
				ENABLE_NS_ASSERTIONS = NO;
				ENABLE_STRICT_OBJC_MSGSEND = YES;
				GCC_C_LANGUAGE_STANDARD = gnu11;
				GCC_NO_COMMON_BLOCKS = YES;
				GCC_WARN_64_TO_32_BIT_CONVERSION = YES;
				GCC_WARN_ABOUT_RETURN_TYPE = YES_ERROR;
				GCC_WARN_UNDECLARED_SELECTOR = YES;
				GCC_WARN_UNINITIALIZED_AUTOS = YES_AGGRESSIVE;
				GCC_WARN_UNUSED_FUNCTION = YES;
				GCC_WARN_UNUSED_VARIABLE = YES;
				IPHONEOS_DEPLOYMENT_TARGET = 15.2;
				MTL_ENABLE_DEBUG_INFO = NO;
				MTL_FAST_MATH = YES;
				SDKROOT = iphoneos;
				SWIFT_COMPILATION_MODE = wholemodule;
				SWIFT_OPTIMIZATION_LEVEL = "-O";
				VALIDATE_PRODUCT = YES;
			};
			name = Release;
		};
		9729FB402793758E00AFD1A0 /* Debug */ = {
			isa = XCBuildConfiguration;
			baseConfigurationReference = 669F0455D3E6D8269E6D2FF2 /* Pods-SpotifyPreviewApp.debug.xcconfig */;
			buildSettings = {
				ASSETCATALOG_COMPILER_APPICON_NAME = AppIcon;
				ASSETCATALOG_COMPILER_GLOBAL_ACCENT_COLOR_NAME = AccentColor;
				CODE_SIGN_STYLE = Automatic;
				CURRENT_PROJECT_VERSION = 1;
				DEVELOPMENT_TEAM = HZY2A94RV9;
				GENERATE_INFOPLIST_FILE = YES;
				INFOPLIST_FILE = SpotifyPreviewApp/Info.plist;
				INFOPLIST_KEY_UIApplicationSupportsIndirectInputEvents = YES;
				INFOPLIST_KEY_UILaunchStoryboardName = LaunchScreen;
				INFOPLIST_KEY_UISupportedInterfaceOrientations_iPad = "UIInterfaceOrientationPortrait UIInterfaceOrientationPortraitUpsideDown UIInterfaceOrientationLandscapeLeft UIInterfaceOrientationLandscapeRight";
				INFOPLIST_KEY_UISupportedInterfaceOrientations_iPhone = "UIInterfaceOrientationPortrait UIInterfaceOrientationLandscapeLeft UIInterfaceOrientationLandscapeRight";
				IPHONEOS_DEPLOYMENT_TARGET = 14.1;
				LD_RUNPATH_SEARCH_PATHS = (
					"$(inherited)",
					"@executable_path/Frameworks",
				);
				MARKETING_VERSION = 1.0;
				PRODUCT_BUNDLE_IDENTIFIER = test.com.SpotifyPreviewApp;
				PRODUCT_NAME = "$(TARGET_NAME)";
				SWIFT_EMIT_LOC_STRINGS = YES;
				SWIFT_VERSION = 5.0;
				TARGETED_DEVICE_FAMILY = 1;
			};
			name = Debug;
		};
		9729FB412793758E00AFD1A0 /* Release */ = {
			isa = XCBuildConfiguration;
			baseConfigurationReference = A8ED3FA0394E64847E6B604A /* Pods-SpotifyPreviewApp.release.xcconfig */;
			buildSettings = {
				ASSETCATALOG_COMPILER_APPICON_NAME = AppIcon;
				ASSETCATALOG_COMPILER_GLOBAL_ACCENT_COLOR_NAME = AccentColor;
				CODE_SIGN_STYLE = Automatic;
				CURRENT_PROJECT_VERSION = 1;
				DEVELOPMENT_TEAM = HZY2A94RV9;
				GENERATE_INFOPLIST_FILE = YES;
				INFOPLIST_FILE = SpotifyPreviewApp/Info.plist;
				INFOPLIST_KEY_UIApplicationSupportsIndirectInputEvents = YES;
				INFOPLIST_KEY_UILaunchStoryboardName = LaunchScreen;
				INFOPLIST_KEY_UISupportedInterfaceOrientations_iPad = "UIInterfaceOrientationPortrait UIInterfaceOrientationPortraitUpsideDown UIInterfaceOrientationLandscapeLeft UIInterfaceOrientationLandscapeRight";
				INFOPLIST_KEY_UISupportedInterfaceOrientations_iPhone = "UIInterfaceOrientationPortrait UIInterfaceOrientationLandscapeLeft UIInterfaceOrientationLandscapeRight";
				IPHONEOS_DEPLOYMENT_TARGET = 14.1;
				LD_RUNPATH_SEARCH_PATHS = (
					"$(inherited)",
					"@executable_path/Frameworks",
				);
				MARKETING_VERSION = 1.0;
				PRODUCT_BUNDLE_IDENTIFIER = test.com.SpotifyPreviewApp;
				PRODUCT_NAME = "$(TARGET_NAME)";
				SWIFT_EMIT_LOC_STRINGS = YES;
				SWIFT_VERSION = 5.0;
				TARGETED_DEVICE_FAMILY = 1;
			};
			name = Release;
		};
/* End XCBuildConfiguration section */

/* Begin XCConfigurationList section */
		9729FB262793758D00AFD1A0 /* Build configuration list for PBXProject "SpotifyPreviewApp" */ = {
			isa = XCConfigurationList;
			buildConfigurations = (
				9729FB3D2793758E00AFD1A0 /* Debug */,
				9729FB3E2793758E00AFD1A0 /* Release */,
			);
			defaultConfigurationIsVisible = 0;
			defaultConfigurationName = Release;
		};
		9729FB3F2793758E00AFD1A0 /* Build configuration list for PBXNativeTarget "SpotifyPreviewApp" */ = {
			isa = XCConfigurationList;
			buildConfigurations = (
				9729FB402793758E00AFD1A0 /* Debug */,
				9729FB412793758E00AFD1A0 /* Release */,
			);
			defaultConfigurationIsVisible = 0;
			defaultConfigurationName = Release;
		};
/* End XCConfigurationList section */
	};
	rootObject = 9729FB232793758D00AFD1A0 /* Project object */;
}
